// !$*UTF8*$!
{
	archiveVersion = 1;
	classes = {
	};
	objectVersion = 56;
	objects = {

/* Begin PBXBuildFile section */
		AE1581D42A7F837300B79291 /* Coordinator.swift in Sources */ = {isa = PBXBuildFile; fileRef = AE1581D32A7F837300B79291 /* Coordinator.swift */; };
		AE1581D82A7FB8D600B79291 /* HomeCoordinator.swift in Sources */ = {isa = PBXBuildFile; fileRef = AE1581D72A7FB8D600B79291 /* HomeCoordinator.swift */; };
		AE1581DA2A7FDF8500B79291 /* StoryboardInstantiable.swift in Sources */ = {isa = PBXBuildFile; fileRef = AE1581D92A7FDF8500B79291 /* StoryboardInstantiable.swift */; };
		AE1581DC2A80670500B79291 /* TabCoordinator.swift in Sources */ = {isa = PBXBuildFile; fileRef = AE1581DB2A80670500B79291 /* TabCoordinator.swift */; };
		AE1581DF2A80A80E00B79291 /* MapViewController.swift in Sources */ = {isa = PBXBuildFile; fileRef = AE1581DE2A80A80E00B79291 /* MapViewController.swift */; };
		AE1581E62A80C01D00B79291 /* ProfileDIContainer.swift in Sources */ = {isa = PBXBuildFile; fileRef = AE1581E52A80C01D00B79291 /* ProfileDIContainer.swift */; };
		AE1581E82A80C05B00B79291 /* ProfileCoordinator.swift in Sources */ = {isa = PBXBuildFile; fileRef = AE1581E72A80C05B00B79291 /* ProfileCoordinator.swift */; };
		AE1581EA2A80C0EA00B79291 /* MyPageViewController.swift in Sources */ = {isa = PBXBuildFile; fileRef = AE1581E92A80C0EA00B79291 /* MyPageViewController.swift */; };
		AE1581EF2A81A5DF00B79291 /* MapViewModel.swift in Sources */ = {isa = PBXBuildFile; fileRef = AE1581EE2A81A5DF00B79291 /* MapViewModel.swift */; };
		AE1581F12A81CFA500B79291 /* Alertable.swift in Sources */ = {isa = PBXBuildFile; fileRef = AE1581F02A81CFA500B79291 /* Alertable.swift */; };
		AE1581F52A82347E00B79291 /* PickerController.swift in Sources */ = {isa = PBXBuildFile; fileRef = AE1581F42A82347E00B79291 /* PickerController.swift */; };
		AE1581F72A826A2700B79291 /* CreatePostViewController.swift in Sources */ = {isa = PBXBuildFile; fileRef = AE1581F62A826A2700B79291 /* CreatePostViewController.swift */; };
		AE1581FB2A82836A00B79291 /* PostViewModel.swift in Sources */ = {isa = PBXBuildFile; fileRef = AE1581FA2A82836A00B79291 /* PostViewModel.swift */; };
		AE16AD022A7E37AA00CB6B81 /* AppDelegate.swift in Sources */ = {isa = PBXBuildFile; fileRef = AE16AD012A7E37AA00CB6B81 /* AppDelegate.swift */; };
		AE16AD042A7E37AA00CB6B81 /* SceneDelegate.swift in Sources */ = {isa = PBXBuildFile; fileRef = AE16AD032A7E37AA00CB6B81 /* SceneDelegate.swift */; };
		AE16AD0B2A7E37AC00CB6B81 /* Assets.xcassets in Resources */ = {isa = PBXBuildFile; fileRef = AE16AD0A2A7E37AC00CB6B81 /* Assets.xcassets */; };
		AE16AD0E2A7E37AC00CB6B81 /* LaunchScreen.storyboard in Resources */ = {isa = PBXBuildFile; fileRef = AE16AD0C2A7E37AC00CB6B81 /* LaunchScreen.storyboard */; };
		AE16AD192A7E7FA700CB6B81 /* AppAppearance.swift in Sources */ = {isa = PBXBuildFile; fileRef = AE16AD182A7E7FA700CB6B81 /* AppAppearance.swift */; };
		AE16AD1B2A7E804E00CB6B81 /* AppCoordinator.swift in Sources */ = {isa = PBXBuildFile; fileRef = AE16AD1A2A7E804E00CB6B81 /* AppCoordinator.swift */; };
		AE16AD1D2A7E80EE00CB6B81 /* AppDIContainer.swift in Sources */ = {isa = PBXBuildFile; fileRef = AE16AD1C2A7E80EE00CB6B81 /* AppDIContainer.swift */; };
		AE16AD202A7E834600CB6B81 /* DataTransferService.swift in Sources */ = {isa = PBXBuildFile; fileRef = AE16AD1F2A7E834600CB6B81 /* DataTransferService.swift */; };
		AE16AD272A7E8B9200CB6B81 /* HomeDIContainer.swift in Sources */ = {isa = PBXBuildFile; fileRef = AE16AD262A7E8B9200CB6B81 /* HomeDIContainer.swift */; };
		AE18FD5D2A8A664A007251A4 /* IQKeyboardManagerSwift in Frameworks */ = {isa = PBXBuildFile; productRef = AE18FD5C2A8A664A007251A4 /* IQKeyboardManagerSwift */; };
		AE18FD5F2A8A70C4007251A4 /* CustomButton.swift in Sources */ = {isa = PBXBuildFile; fileRef = AE18FD5E2A8A70C4007251A4 /* CustomButton.swift */; };
		AE18FD612A8AFB7D007251A4 /* Coordinate.swift in Sources */ = {isa = PBXBuildFile; fileRef = AE18FD602A8AFB7D007251A4 /* Coordinate.swift */; };
		AE18FD632A8B0EAC007251A4 /* MapCoordinateViewController.swift in Sources */ = {isa = PBXBuildFile; fileRef = AE18FD622A8B0EAC007251A4 /* MapCoordinateViewController.swift */; };
		AE18FD652A8B0FEE007251A4 /* CoordinateViewModel.swift in Sources */ = {isa = PBXBuildFile; fileRef = AE18FD642A8B0FEE007251A4 /* CoordinateViewModel.swift */; };
		AE18FD6A2A8BB84B007251A4 /* BaseMapViewController.swift in Sources */ = {isa = PBXBuildFile; fileRef = AE18FD692A8BB84B007251A4 /* BaseMapViewController.swift */; };
		AE25E36C2A90EF1F00B131FA /* BaseMapViewModel.swift in Sources */ = {isa = PBXBuildFile; fileRef = AE25E36B2A90EF1F00B131FA /* BaseMapViewModel.swift */; };
		AE25E36E2A90F9C100B131FA /* DefaultFetchMarkerUseCase.swift in Sources */ = {isa = PBXBuildFile; fileRef = AE25E36D2A90F9C100B131FA /* DefaultFetchMarkerUseCase.swift */; };
		AE25E3722A9100E800B131FA /* Cancellable.swift in Sources */ = {isa = PBXBuildFile; fileRef = AE25E3712A9100E800B131FA /* Cancellable.swift */; };
		AE25E3742A91059F00B131FA /* Endpoint.swift in Sources */ = {isa = PBXBuildFile; fileRef = AE25E3732A91059F00B131FA /* Endpoint.swift */; };
		AE25E3762A91085E00B131FA /* NetworkConfig.swift in Sources */ = {isa = PBXBuildFile; fileRef = AE25E3752A91085E00B131FA /* NetworkConfig.swift */; };
		AE25E3782A9109AA00B131FA /* NetworkService.swift in Sources */ = {isa = PBXBuildFile; fileRef = AE25E3772A9109AA00B131FA /* NetworkService.swift */; };
		AE25E37A2A941D8000B131FA /* AppConfigurations.swift in Sources */ = {isa = PBXBuildFile; fileRef = AE25E3792A941D8000B131FA /* AppConfigurations.swift */; };
		AE25E37E2A94F24400B131FA /* DefaultMarkerRepository.swift in Sources */ = {isa = PBXBuildFile; fileRef = AE25E37D2A94F24400B131FA /* DefaultMarkerRepository.swift */; };
		AE25E3802A957D8600B131FA /* MarkerRepository.swift in Sources */ = {isa = PBXBuildFile; fileRef = AE25E37F2A957D8600B131FA /* MarkerRepository.swift */; };
		AE25E3832A95E09700B131FA /* MarkersRequestDTO+Mapping.swift in Sources */ = {isa = PBXBuildFile; fileRef = AE25E3822A95E09700B131FA /* MarkersRequestDTO+Mapping.swift */; };
		AE25E3862A95E1A300B131FA /* RepositoryTask.swift in Sources */ = {isa = PBXBuildFile; fileRef = AE25E3852A95E1A300B131FA /* RepositoryTask.swift */; };
		AE25E3892A95E1E700B131FA /* APIEndpoints.swift in Sources */ = {isa = PBXBuildFile; fileRef = AE25E3882A95E1E700B131FA /* APIEndpoints.swift */; };
		AE25E38B2A95E27300B131FA /* MarkersResponseDTO+Mapping.swift in Sources */ = {isa = PBXBuildFile; fileRef = AE25E38A2A95E27300B131FA /* MarkersResponseDTO+Mapping.swift */; };
		AE25E38D2A95E52500B131FA /* Marker.swift in Sources */ = {isa = PBXBuildFile; fileRef = AE25E38C2A95E52500B131FA /* Marker.swift */; };
		AE25E38F2A98853100B131FA /* DefaultAddMarkerUseCase.swift in Sources */ = {isa = PBXBuildFile; fileRef = AE25E38E2A98853100B131FA /* DefaultAddMarkerUseCase.swift */; };
		AE25E3912A9892EB00B131FA /* AddMarkerRequestDTO+Mapping.swift in Sources */ = {isa = PBXBuildFile; fileRef = AE25E3902A9892EB00B131FA /* AddMarkerRequestDTO+Mapping.swift */; };
		AE25E3932A9C246800B131FA /* DispatchQueueType.swift in Sources */ = {isa = PBXBuildFile; fileRef = AE25E3922A9C246800B131FA /* DispatchQueueType.swift */; };
		AE25E3962A9DE13E00B131FA /* DetailViewController.swift in Sources */ = {isa = PBXBuildFile; fileRef = AE25E3952A9DE13E00B131FA /* DetailViewController.swift */; };
		AE25E3982A9DE3F400B131FA /* DetailViewModel.swift in Sources */ = {isa = PBXBuildFile; fileRef = AE25E3972A9DE3F400B131FA /* DetailViewModel.swift */; };
		AE25E39A2A9E1A8600B131FA /* AddMarkerResponseDTO+Mapping.swift in Sources */ = {isa = PBXBuildFile; fileRef = AE25E3992A9E1A8600B131FA /* AddMarkerResponseDTO+Mapping.swift */; };
		AE25E39C2A9E1E4800B131FA /* Detail.swift in Sources */ = {isa = PBXBuildFile; fileRef = AE25E39B2A9E1E4800B131FA /* Detail.swift */; };
		AE25E39E2A9EC02300B131FA /* ImageRepository.swift in Sources */ = {isa = PBXBuildFile; fileRef = AE25E39D2A9EC02300B131FA /* ImageRepository.swift */; };
		AE25E3A02A9EC0A800B131FA /* DefaultImageRepository.swift in Sources */ = {isa = PBXBuildFile; fileRef = AE25E39F2A9EC0A800B131FA /* DefaultImageRepository.swift */; };
		AE25E3A22A9EDE2E00B131FA /* DefaultFetchDetailUseCase.swift in Sources */ = {isa = PBXBuildFile; fileRef = AE25E3A12A9EDE2E00B131FA /* DefaultFetchDetailUseCase.swift */; };
		AE25E3A42A9EDEA100B131FA /* DetailRepository.swift in Sources */ = {isa = PBXBuildFile; fileRef = AE25E3A32A9EDEA100B131FA /* DetailRepository.swift */; };
		AE25E3A62A9EDFCB00B131FA /* DefaultDetailRepository.swift in Sources */ = {isa = PBXBuildFile; fileRef = AE25E3A52A9EDFCB00B131FA /* DefaultDetailRepository.swift */; };
		AE25E3A82A9EE48900B131FA /* DetailRequestDTO+Mapping.swift in Sources */ = {isa = PBXBuildFile; fileRef = AE25E3A72A9EE48900B131FA /* DetailRequestDTO+Mapping.swift */; };
		AE25E3AA2A9EE4BC00B131FA /* DetailResponseDTO+Mapping.swift in Sources */ = {isa = PBXBuildFile; fileRef = AE25E3A92A9EE4BC00B131FA /* DetailResponseDTO+Mapping.swift */; };
		AE5EE7032A8CEDB70078A7CD /* DefaultMyPageViewModel.swift in Sources */ = {isa = PBXBuildFile; fileRef = AE5EE7022A8CEDB70078A7CD /* DefaultMyPageViewModel.swift */; };
		AE5EE7052A8CF4D90078A7CD /* LoginViewController.swift in Sources */ = {isa = PBXBuildFile; fileRef = AE5EE7042A8CF4D90078A7CD /* LoginViewController.swift */; };
		AE5EE7082A8CF6B60078A7CD /* DefaultLoginViewModel.swift in Sources */ = {isa = PBXBuildFile; fileRef = AE5EE7072A8CF6B60078A7CD /* DefaultLoginViewModel.swift */; };
		AE94CE272A887B00009F195E /* Observable.swift in Sources */ = {isa = PBXBuildFile; fileRef = AE94CE262A887B00009F195E /* Observable.swift */; };
		AE94CE2C2A899056009F195E /* TextFieldWithLabelStackView.swift in Sources */ = {isa = PBXBuildFile; fileRef = AE94CE2B2A899056009F195E /* TextFieldWithLabelStackView.swift */; };
		AECC102F2AA34BDF006B55C6 /* DefaultLoginUseCase.swift in Sources */ = {isa = PBXBuildFile; fileRef = AECC102E2AA34BDF006B55C6 /* DefaultLoginUseCase.swift */; };
		AECC10312AA34D7F006B55C6 /* DefaultAuthRepository.swift in Sources */ = {isa = PBXBuildFile; fileRef = AECC10302AA34D7F006B55C6 /* DefaultAuthRepository.swift */; };
		AECC10332AA34E33006B55C6 /* LoginResponseDTO+Mapping.swift in Sources */ = {isa = PBXBuildFile; fileRef = AECC10322AA34E33006B55C6 /* LoginResponseDTO+Mapping.swift */; };
		AECC10352AA34EA0006B55C6 /* User.swift in Sources */ = {isa = PBXBuildFile; fileRef = AECC10342AA34EA0006B55C6 /* User.swift */; };
		AECC10372AA34F85006B55C6 /* AuthRepository.swift in Sources */ = {isa = PBXBuildFile; fileRef = AECC10362AA34F85006B55C6 /* AuthRepository.swift */; };
		AECC105B2AA9EF12006B55C6 /* LoginRequestDTO+Mapping.swift in Sources */ = {isa = PBXBuildFile; fileRef = AECC105A2AA9EF12006B55C6 /* LoginRequestDTO+Mapping.swift */; };
		AED3ABEC2A85C70D00585683 /* ImageCollectionView.swift in Sources */ = {isa = PBXBuildFile; fileRef = AED3ABEB2A85C70D00585683 /* ImageCollectionView.swift */; };
/* End PBXBuildFile section */

/* Begin PBXFileReference section */
		AE1581D32A7F837300B79291 /* Coordinator.swift */ = {isa = PBXFileReference; lastKnownFileType = sourcecode.swift; path = Coordinator.swift; sourceTree = "<group>"; };
		AE1581D72A7FB8D600B79291 /* HomeCoordinator.swift */ = {isa = PBXFileReference; lastKnownFileType = sourcecode.swift; path = HomeCoordinator.swift; sourceTree = "<group>"; };
		AE1581D92A7FDF8500B79291 /* StoryboardInstantiable.swift */ = {isa = PBXFileReference; lastKnownFileType = sourcecode.swift; path = StoryboardInstantiable.swift; sourceTree = "<group>"; };
		AE1581DB2A80670500B79291 /* TabCoordinator.swift */ = {isa = PBXFileReference; lastKnownFileType = sourcecode.swift; path = TabCoordinator.swift; sourceTree = "<group>"; };
		AE1581DE2A80A80E00B79291 /* MapViewController.swift */ = {isa = PBXFileReference; lastKnownFileType = sourcecode.swift; path = MapViewController.swift; sourceTree = "<group>"; };
		AE1581E52A80C01D00B79291 /* ProfileDIContainer.swift */ = {isa = PBXFileReference; lastKnownFileType = sourcecode.swift; path = ProfileDIContainer.swift; sourceTree = "<group>"; };
		AE1581E72A80C05B00B79291 /* ProfileCoordinator.swift */ = {isa = PBXFileReference; lastKnownFileType = sourcecode.swift; path = ProfileCoordinator.swift; sourceTree = "<group>"; };
		AE1581E92A80C0EA00B79291 /* MyPageViewController.swift */ = {isa = PBXFileReference; lastKnownFileType = sourcecode.swift; path = MyPageViewController.swift; sourceTree = "<group>"; };
		AE1581EE2A81A5DF00B79291 /* MapViewModel.swift */ = {isa = PBXFileReference; lastKnownFileType = sourcecode.swift; path = MapViewModel.swift; sourceTree = "<group>"; };
		AE1581F02A81CFA500B79291 /* Alertable.swift */ = {isa = PBXFileReference; lastKnownFileType = sourcecode.swift; path = Alertable.swift; sourceTree = "<group>"; };
		AE1581F42A82347E00B79291 /* PickerController.swift */ = {isa = PBXFileReference; lastKnownFileType = sourcecode.swift; path = PickerController.swift; sourceTree = "<group>"; };
		AE1581F62A826A2700B79291 /* CreatePostViewController.swift */ = {isa = PBXFileReference; lastKnownFileType = sourcecode.swift; path = CreatePostViewController.swift; sourceTree = "<group>"; };
		AE1581FA2A82836A00B79291 /* PostViewModel.swift */ = {isa = PBXFileReference; lastKnownFileType = sourcecode.swift; path = PostViewModel.swift; sourceTree = "<group>"; };
		AE16ACFE2A7E37AA00CB6B81 /* CatMap.app */ = {isa = PBXFileReference; explicitFileType = wrapper.application; includeInIndex = 0; path = CatMap.app; sourceTree = BUILT_PRODUCTS_DIR; };
		AE16AD012A7E37AA00CB6B81 /* AppDelegate.swift */ = {isa = PBXFileReference; lastKnownFileType = sourcecode.swift; path = AppDelegate.swift; sourceTree = "<group>"; };
		AE16AD032A7E37AA00CB6B81 /* SceneDelegate.swift */ = {isa = PBXFileReference; lastKnownFileType = sourcecode.swift; path = SceneDelegate.swift; sourceTree = "<group>"; };
		AE16AD0A2A7E37AC00CB6B81 /* Assets.xcassets */ = {isa = PBXFileReference; lastKnownFileType = folder.assetcatalog; path = Assets.xcassets; sourceTree = "<group>"; };
		AE16AD0D2A7E37AC00CB6B81 /* Base */ = {isa = PBXFileReference; lastKnownFileType = file.storyboard; name = Base; path = Base.lproj/LaunchScreen.storyboard; sourceTree = "<group>"; };
		AE16AD0F2A7E37AC00CB6B81 /* Info.plist */ = {isa = PBXFileReference; lastKnownFileType = text.plist.xml; path = Info.plist; sourceTree = "<group>"; };
		AE16AD182A7E7FA700CB6B81 /* AppAppearance.swift */ = {isa = PBXFileReference; lastKnownFileType = sourcecode.swift; path = AppAppearance.swift; sourceTree = "<group>"; };
		AE16AD1A2A7E804E00CB6B81 /* AppCoordinator.swift */ = {isa = PBXFileReference; lastKnownFileType = sourcecode.swift; path = AppCoordinator.swift; sourceTree = "<group>"; };
		AE16AD1C2A7E80EE00CB6B81 /* AppDIContainer.swift */ = {isa = PBXFileReference; lastKnownFileType = sourcecode.swift; path = AppDIContainer.swift; sourceTree = "<group>"; };
		AE16AD1F2A7E834600CB6B81 /* DataTransferService.swift */ = {isa = PBXFileReference; lastKnownFileType = sourcecode.swift; path = DataTransferService.swift; sourceTree = "<group>"; };
		AE16AD262A7E8B9200CB6B81 /* HomeDIContainer.swift */ = {isa = PBXFileReference; lastKnownFileType = sourcecode.swift; path = HomeDIContainer.swift; sourceTree = "<group>"; };
		AE18FD5E2A8A70C4007251A4 /* CustomButton.swift */ = {isa = PBXFileReference; lastKnownFileType = sourcecode.swift; path = CustomButton.swift; sourceTree = "<group>"; };
		AE18FD602A8AFB7D007251A4 /* Coordinate.swift */ = {isa = PBXFileReference; lastKnownFileType = sourcecode.swift; path = Coordinate.swift; sourceTree = "<group>"; };
		AE18FD622A8B0EAC007251A4 /* MapCoordinateViewController.swift */ = {isa = PBXFileReference; lastKnownFileType = sourcecode.swift; path = MapCoordinateViewController.swift; sourceTree = "<group>"; };
		AE18FD642A8B0FEE007251A4 /* CoordinateViewModel.swift */ = {isa = PBXFileReference; lastKnownFileType = sourcecode.swift; path = CoordinateViewModel.swift; sourceTree = "<group>"; };
		AE18FD692A8BB84B007251A4 /* BaseMapViewController.swift */ = {isa = PBXFileReference; lastKnownFileType = sourcecode.swift; path = BaseMapViewController.swift; sourceTree = "<group>"; };
		AE25E36B2A90EF1F00B131FA /* BaseMapViewModel.swift */ = {isa = PBXFileReference; lastKnownFileType = sourcecode.swift; path = BaseMapViewModel.swift; sourceTree = "<group>"; };
		AE25E36D2A90F9C100B131FA /* DefaultFetchMarkerUseCase.swift */ = {isa = PBXFileReference; lastKnownFileType = sourcecode.swift; path = DefaultFetchMarkerUseCase.swift; sourceTree = "<group>"; };
		AE25E3712A9100E800B131FA /* Cancellable.swift */ = {isa = PBXFileReference; lastKnownFileType = sourcecode.swift; path = Cancellable.swift; sourceTree = "<group>"; };
		AE25E3732A91059F00B131FA /* Endpoint.swift */ = {isa = PBXFileReference; lastKnownFileType = sourcecode.swift; path = Endpoint.swift; sourceTree = "<group>"; };
		AE25E3752A91085E00B131FA /* NetworkConfig.swift */ = {isa = PBXFileReference; lastKnownFileType = sourcecode.swift; path = NetworkConfig.swift; sourceTree = "<group>"; };
		AE25E3772A9109AA00B131FA /* NetworkService.swift */ = {isa = PBXFileReference; lastKnownFileType = sourcecode.swift; path = NetworkService.swift; sourceTree = "<group>"; };
		AE25E3792A941D8000B131FA /* AppConfigurations.swift */ = {isa = PBXFileReference; lastKnownFileType = sourcecode.swift; path = AppConfigurations.swift; sourceTree = "<group>"; };
		AE25E37D2A94F24400B131FA /* DefaultMarkerRepository.swift */ = {isa = PBXFileReference; lastKnownFileType = sourcecode.swift; path = DefaultMarkerRepository.swift; sourceTree = "<group>"; };
		AE25E37F2A957D8600B131FA /* MarkerRepository.swift */ = {isa = PBXFileReference; lastKnownFileType = sourcecode.swift; path = MarkerRepository.swift; sourceTree = "<group>"; };
		AE25E3822A95E09700B131FA /* MarkersRequestDTO+Mapping.swift */ = {isa = PBXFileReference; lastKnownFileType = sourcecode.swift; path = "MarkersRequestDTO+Mapping.swift"; sourceTree = "<group>"; };
		AE25E3852A95E1A300B131FA /* RepositoryTask.swift */ = {isa = PBXFileReference; lastKnownFileType = sourcecode.swift; path = RepositoryTask.swift; sourceTree = "<group>"; };
		AE25E3882A95E1E700B131FA /* APIEndpoints.swift */ = {isa = PBXFileReference; lastKnownFileType = sourcecode.swift; path = APIEndpoints.swift; sourceTree = "<group>"; };
		AE25E38A2A95E27300B131FA /* MarkersResponseDTO+Mapping.swift */ = {isa = PBXFileReference; lastKnownFileType = sourcecode.swift; path = "MarkersResponseDTO+Mapping.swift"; sourceTree = "<group>"; };
		AE25E38C2A95E52500B131FA /* Marker.swift */ = {isa = PBXFileReference; lastKnownFileType = sourcecode.swift; path = Marker.swift; sourceTree = "<group>"; };
		AE25E38E2A98853100B131FA /* DefaultAddMarkerUseCase.swift */ = {isa = PBXFileReference; lastKnownFileType = sourcecode.swift; path = DefaultAddMarkerUseCase.swift; sourceTree = "<group>"; };
		AE25E3902A9892EB00B131FA /* AddMarkerRequestDTO+Mapping.swift */ = {isa = PBXFileReference; lastKnownFileType = sourcecode.swift; path = "AddMarkerRequestDTO+Mapping.swift"; sourceTree = "<group>"; };
		AE25E3922A9C246800B131FA /* DispatchQueueType.swift */ = {isa = PBXFileReference; lastKnownFileType = sourcecode.swift; path = DispatchQueueType.swift; sourceTree = "<group>"; };
		AE25E3952A9DE13E00B131FA /* DetailViewController.swift */ = {isa = PBXFileReference; lastKnownFileType = sourcecode.swift; path = DetailViewController.swift; sourceTree = "<group>"; };
		AE25E3972A9DE3F400B131FA /* DetailViewModel.swift */ = {isa = PBXFileReference; lastKnownFileType = sourcecode.swift; path = DetailViewModel.swift; sourceTree = "<group>"; };
		AE25E3992A9E1A8600B131FA /* AddMarkerResponseDTO+Mapping.swift */ = {isa = PBXFileReference; lastKnownFileType = sourcecode.swift; path = "AddMarkerResponseDTO+Mapping.swift"; sourceTree = "<group>"; };
		AE25E39B2A9E1E4800B131FA /* Detail.swift */ = {isa = PBXFileReference; lastKnownFileType = sourcecode.swift; path = Detail.swift; sourceTree = "<group>"; };
		AE25E39D2A9EC02300B131FA /* ImageRepository.swift */ = {isa = PBXFileReference; lastKnownFileType = sourcecode.swift; path = ImageRepository.swift; sourceTree = "<group>"; };
		AE25E39F2A9EC0A800B131FA /* DefaultImageRepository.swift */ = {isa = PBXFileReference; lastKnownFileType = sourcecode.swift; path = DefaultImageRepository.swift; sourceTree = "<group>"; };
		AE25E3A12A9EDE2E00B131FA /* DefaultFetchDetailUseCase.swift */ = {isa = PBXFileReference; lastKnownFileType = sourcecode.swift; path = DefaultFetchDetailUseCase.swift; sourceTree = "<group>"; };
		AE25E3A32A9EDEA100B131FA /* DetailRepository.swift */ = {isa = PBXFileReference; lastKnownFileType = sourcecode.swift; path = DetailRepository.swift; sourceTree = "<group>"; };
		AE25E3A52A9EDFCB00B131FA /* DefaultDetailRepository.swift */ = {isa = PBXFileReference; lastKnownFileType = sourcecode.swift; path = DefaultDetailRepository.swift; sourceTree = "<group>"; };
		AE25E3A72A9EE48900B131FA /* DetailRequestDTO+Mapping.swift */ = {isa = PBXFileReference; lastKnownFileType = sourcecode.swift; path = "DetailRequestDTO+Mapping.swift"; sourceTree = "<group>"; };
		AE25E3A92A9EE4BC00B131FA /* DetailResponseDTO+Mapping.swift */ = {isa = PBXFileReference; lastKnownFileType = sourcecode.swift; path = "DetailResponseDTO+Mapping.swift"; sourceTree = "<group>"; };
		AE537FED2AA186850013C01C /* CatMap.entitlements */ = {isa = PBXFileReference; lastKnownFileType = text.plist.entitlements; path = CatMap.entitlements; sourceTree = "<group>"; };
		AE5EE7022A8CEDB70078A7CD /* DefaultMyPageViewModel.swift */ = {isa = PBXFileReference; lastKnownFileType = sourcecode.swift; path = DefaultMyPageViewModel.swift; sourceTree = "<group>"; };
		AE5EE7042A8CF4D90078A7CD /* LoginViewController.swift */ = {isa = PBXFileReference; lastKnownFileType = sourcecode.swift; path = LoginViewController.swift; sourceTree = "<group>"; };
		AE5EE7072A8CF6B60078A7CD /* DefaultLoginViewModel.swift */ = {isa = PBXFileReference; lastKnownFileType = sourcecode.swift; path = DefaultLoginViewModel.swift; sourceTree = "<group>"; };
		AE94CE262A887B00009F195E /* Observable.swift */ = {isa = PBXFileReference; lastKnownFileType = sourcecode.swift; path = Observable.swift; sourceTree = "<group>"; };
		AE94CE2B2A899056009F195E /* TextFieldWithLabelStackView.swift */ = {isa = PBXFileReference; lastKnownFileType = sourcecode.swift; path = TextFieldWithLabelStackView.swift; sourceTree = "<group>"; };
		AECC102E2AA34BDF006B55C6 /* DefaultLoginUseCase.swift */ = {isa = PBXFileReference; lastKnownFileType = sourcecode.swift; path = DefaultLoginUseCase.swift; sourceTree = "<group>"; };
		AECC10302AA34D7F006B55C6 /* DefaultAuthRepository.swift */ = {isa = PBXFileReference; lastKnownFileType = sourcecode.swift; path = DefaultAuthRepository.swift; sourceTree = "<group>"; };
		AECC10322AA34E33006B55C6 /* LoginResponseDTO+Mapping.swift */ = {isa = PBXFileReference; lastKnownFileType = sourcecode.swift; path = "LoginResponseDTO+Mapping.swift"; sourceTree = "<group>"; };
		AECC10342AA34EA0006B55C6 /* User.swift */ = {isa = PBXFileReference; lastKnownFileType = sourcecode.swift; path = User.swift; sourceTree = "<group>"; };
		AECC10362AA34F85006B55C6 /* AuthRepository.swift */ = {isa = PBXFileReference; lastKnownFileType = sourcecode.swift; path = AuthRepository.swift; sourceTree = "<group>"; };
		AECC105A2AA9EF12006B55C6 /* LoginRequestDTO+Mapping.swift */ = {isa = PBXFileReference; lastKnownFileType = sourcecode.swift; path = "LoginRequestDTO+Mapping.swift"; sourceTree = "<group>"; };
		AED3ABEB2A85C70D00585683 /* ImageCollectionView.swift */ = {isa = PBXFileReference; lastKnownFileType = sourcecode.swift; path = ImageCollectionView.swift; sourceTree = "<group>"; };
/* End PBXFileReference section */

/* Begin PBXFrameworksBuildPhase section */
		AE16ACFB2A7E37AA00CB6B81 /* Frameworks */ = {
			isa = PBXFrameworksBuildPhase;
			buildActionMask = 2147483647;
			files = (
				AE18FD5D2A8A664A007251A4 /* IQKeyboardManagerSwift in Frameworks */,
			);
			runOnlyForDeploymentPostprocessing = 0;
		};
/* End PBXFrameworksBuildPhase section */

/* Begin PBXGroup section */
		AE1581D22A7F833700B79291 /* Common */ = {
			isa = PBXGroup;
			children = (
				AE1581D32A7F837300B79291 /* Coordinator.swift */,
				AE1581D92A7FDF8500B79291 /* StoryboardInstantiable.swift */,
				AE1581F02A81CFA500B79291 /* Alertable.swift */,
				AE94CE262A887B00009F195E /* Observable.swift */,
				AE25E3712A9100E800B131FA /* Cancellable.swift */,
				AE25E3922A9C246800B131FA /* DispatchQueueType.swift */,
			);
			path = Common;
			sourceTree = "<group>";
		};
		AE1581DD2A80A7CA00B79291 /* View */ = {
			isa = PBXGroup;
			children = (
				AE25E3942A9DE0FB00B131FA /* Detail */,
				AE25E36A2A90EEE400B131FA /* Base */,
				AE94CE292A88C314009F195E /* Map */,
				AE94CE282A88C2F6009F195E /* Post */,
			);
			path = View;
			sourceTree = "<group>";
		};
		AE1581E22A80BF4000B79291 /* Profile */ = {
			isa = PBXGroup;
			children = (
				AE1581E32A80BF5E00B79291 /* Coordinator */,
				AE1581E42A80C00600B79291 /* View */,
				AE5EE7012A8CED580078A7CD /* ViewModel */,
			);
			path = Profile;
			sourceTree = "<group>";
		};
		AE1581E32A80BF5E00B79291 /* Coordinator */ = {
			isa = PBXGroup;
			children = (
				AE1581E72A80C05B00B79291 /* ProfileCoordinator.swift */,
			);
			path = Coordinator;
			sourceTree = "<group>";
		};
		AE1581E42A80C00600B79291 /* View */ = {
			isa = PBXGroup;
			children = (
				AE1581E92A80C0EA00B79291 /* MyPageViewController.swift */,
				AE5EE7042A8CF4D90078A7CD /* LoginViewController.swift */,
			);
			path = View;
			sourceTree = "<group>";
		};
		AE1581ED2A81A5C400B79291 /* ViewModel */ = {
			isa = PBXGroup;
			children = (
				AE1581EE2A81A5DF00B79291 /* MapViewModel.swift */,
				AE1581FA2A82836A00B79291 /* PostViewModel.swift */,
				AE18FD642A8B0FEE007251A4 /* CoordinateViewModel.swift */,
				AE25E3972A9DE3F400B131FA /* DetailViewModel.swift */,
			);
			path = ViewModel;
			sourceTree = "<group>";
		};
		AE16ACF52A7E37AA00CB6B81 = {
			isa = PBXGroup;
			children = (
				AE16AD002A7E37AA00CB6B81 /* CatMap */,
				AE16ACFF2A7E37AA00CB6B81 /* Products */,
				AE78D4932AA1761C000C1D23 /* Frameworks */,
			);
			sourceTree = "<group>";
		};
		AE16ACFF2A7E37AA00CB6B81 /* Products */ = {
			isa = PBXGroup;
			children = (
				AE16ACFE2A7E37AA00CB6B81 /* CatMap.app */,
			);
			name = Products;
			sourceTree = "<group>";
		};
		AE16AD002A7E37AA00CB6B81 /* CatMap */ = {
			isa = PBXGroup;
			children = (
				AE537FED2AA186850013C01C /* CatMap.entitlements */,
				AE16AD152A7E7A4C00CB6B81 /* Application */,
				AE16AD212A7E8B2200CB6B81 /* Presentation */,
				AE94CE202A885765009F195E /* Domain */,
				AE25E37B2A944A4100B131FA /* Data */,
				AE16AD1E2A7E82EB00CB6B81 /* Network */,
				AE1581D22A7F833700B79291 /* Common */,
				AE16AD162A7E7A6700CB6B81 /* Resources */,
			);
			path = CatMap;
			sourceTree = "<group>";
		};
		AE16AD152A7E7A4C00CB6B81 /* Application */ = {
			isa = PBXGroup;
			children = (
				AE16AD012A7E37AA00CB6B81 /* AppDelegate.swift */,
				AE16AD032A7E37AA00CB6B81 /* SceneDelegate.swift */,
				AE16AD182A7E7FA700CB6B81 /* AppAppearance.swift */,
				AE25E3792A941D8000B131FA /* AppConfigurations.swift */,
				AE16AD1A2A7E804E00CB6B81 /* AppCoordinator.swift */,
				AE1581DB2A80670500B79291 /* TabCoordinator.swift */,
				AE16AD172A7E7F4800CB6B81 /* DIContainer */,
			);
			path = Application;
			sourceTree = "<group>";
		};
		AE16AD162A7E7A6700CB6B81 /* Resources */ = {
			isa = PBXGroup;
			children = (
				AE16AD0A2A7E37AC00CB6B81 /* Assets.xcassets */,
				AE16AD0C2A7E37AC00CB6B81 /* LaunchScreen.storyboard */,
				AE16AD0F2A7E37AC00CB6B81 /* Info.plist */,
			);
			path = Resources;
			sourceTree = "<group>";
		};
		AE16AD172A7E7F4800CB6B81 /* DIContainer */ = {
			isa = PBXGroup;
			children = (
				AE16AD1C2A7E80EE00CB6B81 /* AppDIContainer.swift */,
				AE16AD262A7E8B9200CB6B81 /* HomeDIContainer.swift */,
				AE1581E52A80C01D00B79291 /* ProfileDIContainer.swift */,
			);
			path = DIContainer;
			sourceTree = "<group>";
		};
		AE16AD1E2A7E82EB00CB6B81 /* Network */ = {
			isa = PBXGroup;
			children = (
				AE16AD1F2A7E834600CB6B81 /* DataTransferService.swift */,
				AE25E3772A9109AA00B131FA /* NetworkService.swift */,
				AE25E3732A91059F00B131FA /* Endpoint.swift */,
				AE25E3752A91085E00B131FA /* NetworkConfig.swift */,
			);
			path = Network;
			sourceTree = "<group>";
		};
		AE16AD212A7E8B2200CB6B81 /* Presentation */ = {
			isa = PBXGroup;
			children = (
				AE1581E22A80BF4000B79291 /* Profile */,
				AE16AD222A7E8B4400CB6B81 /* Home */,
			);
			path = Presentation;
			sourceTree = "<group>";
		};
		AE16AD222A7E8B4400CB6B81 /* Home */ = {
			isa = PBXGroup;
			children = (
				AE16AD232A7E8B5300CB6B81 /* Coordinator */,
				AE1581DD2A80A7CA00B79291 /* View */,
				AE1581ED2A81A5C400B79291 /* ViewModel */,
			);
			path = Home;
			sourceTree = "<group>";
		};
		AE16AD232A7E8B5300CB6B81 /* Coordinator */ = {
			isa = PBXGroup;
			children = (
				AE1581D72A7FB8D600B79291 /* HomeCoordinator.swift */,
			);
			path = Coordinator;
			sourceTree = "<group>";
		};
		AE25E36A2A90EEE400B131FA /* Base */ = {
			isa = PBXGroup;
			children = (
				AE18FD692A8BB84B007251A4 /* BaseMapViewController.swift */,
				AE25E36B2A90EF1F00B131FA /* BaseMapViewModel.swift */,
			);
			path = Base;
			sourceTree = "<group>";
		};
		AE25E36F2A90FCFD00B131FA /* Repositories */ = {
			isa = PBXGroup;
			children = (
				AE25E37F2A957D8600B131FA /* MarkerRepository.swift */,
				AE25E39D2A9EC02300B131FA /* ImageRepository.swift */,
				AE25E3A32A9EDEA100B131FA /* DetailRepository.swift */,
				AECC10362AA34F85006B55C6 /* AuthRepository.swift */,
			);
			path = Repositories;
			sourceTree = "<group>";
		};
		AE25E37B2A944A4100B131FA /* Data */ = {
			isa = PBXGroup;
			children = (
				AE25E3872A95E1C900B131FA /* Network */,
				AE25E37C2A944A5E00B131FA /* Repositories */,
			);
			path = Data;
			sourceTree = "<group>";
		};
		AE25E37C2A944A5E00B131FA /* Repositories */ = {
			isa = PBXGroup;
			children = (
				AE25E37D2A94F24400B131FA /* DefaultMarkerRepository.swift */,
				AE25E3A52A9EDFCB00B131FA /* DefaultDetailRepository.swift */,
				AE25E39F2A9EC0A800B131FA /* DefaultImageRepository.swift */,
				AECC10302AA34D7F006B55C6 /* DefaultAuthRepository.swift */,
				AE25E3842A95E19100B131FA /* Utils */,
			);
			path = Repositories;
			sourceTree = "<group>";
		};
		AE25E3812A95E06F00B131FA /* DataMapping */ = {
			isa = PBXGroup;
			children = (
				AE25E3822A95E09700B131FA /* MarkersRequestDTO+Mapping.swift */,
				AE25E38A2A95E27300B131FA /* MarkersResponseDTO+Mapping.swift */,
				AE25E3902A9892EB00B131FA /* AddMarkerRequestDTO+Mapping.swift */,
				AE25E3992A9E1A8600B131FA /* AddMarkerResponseDTO+Mapping.swift */,
				AE25E3A72A9EE48900B131FA /* DetailRequestDTO+Mapping.swift */,
				AE25E3A92A9EE4BC00B131FA /* DetailResponseDTO+Mapping.swift */,
				AECC105A2AA9EF12006B55C6 /* LoginRequestDTO+Mapping.swift */,
				AECC10322AA34E33006B55C6 /* LoginResponseDTO+Mapping.swift */,
			);
			path = DataMapping;
			sourceTree = "<group>";
		};
		AE25E3842A95E19100B131FA /* Utils */ = {
			isa = PBXGroup;
			children = (
				AE25E3852A95E1A300B131FA /* RepositoryTask.swift */,
			);
			path = Utils;
			sourceTree = "<group>";
		};
		AE25E3872A95E1C900B131FA /* Network */ = {
			isa = PBXGroup;
			children = (
				AE25E3882A95E1E700B131FA /* APIEndpoints.swift */,
				AE25E3812A95E06F00B131FA /* DataMapping */,
			);
			path = Network;
			sourceTree = "<group>";
		};
		AE25E3942A9DE0FB00B131FA /* Detail */ = {
			isa = PBXGroup;
			children = (
				AE25E3952A9DE13E00B131FA /* DetailViewController.swift */,
			);
			path = Detail;
			sourceTree = "<group>";
		};
		AE5EE7012A8CED580078A7CD /* ViewModel */ = {
			isa = PBXGroup;
			children = (
				AE5EE7022A8CEDB70078A7CD /* DefaultMyPageViewModel.swift */,
				AE5EE7072A8CF6B60078A7CD /* DefaultLoginViewModel.swift */,
			);
			path = ViewModel;
			sourceTree = "<group>";
		};
		AE78D4932AA1761C000C1D23 /* Frameworks */ = {
			isa = PBXGroup;
			children = (
			);
			name = Frameworks;
			sourceTree = "<group>";
		};
		AE94CE202A885765009F195E /* Domain */ = {
			isa = PBXGroup;
			children = (
				AE94CE212A885783009F195E /* Entities */,
				AE94CE222A885794009F195E /* UseCases */,
				AE94CE232A88579C009F195E /* Interfaces */,
			);
			path = Domain;
			sourceTree = "<group>";
		};
		AE94CE212A885783009F195E /* Entities */ = {
			isa = PBXGroup;
			children = (
				AE18FD602A8AFB7D007251A4 /* Coordinate.swift */,
				AE25E38C2A95E52500B131FA /* Marker.swift */,
				AE25E39B2A9E1E4800B131FA /* Detail.swift */,
				AECC10342AA34EA0006B55C6 /* User.swift */,
			);
			path = Entities;
			sourceTree = "<group>";
		};
		AE94CE222A885794009F195E /* UseCases */ = {
			isa = PBXGroup;
			children = (
				AE25E36D2A90F9C100B131FA /* DefaultFetchMarkerUseCase.swift */,
				AE25E38E2A98853100B131FA /* DefaultAddMarkerUseCase.swift */,
				AE25E3A12A9EDE2E00B131FA /* DefaultFetchDetailUseCase.swift */,
				AECC102E2AA34BDF006B55C6 /* DefaultLoginUseCase.swift */,
			);
			path = UseCases;
			sourceTree = "<group>";
		};
		AE94CE232A88579C009F195E /* Interfaces */ = {
			isa = PBXGroup;
			children = (
				AE25E36F2A90FCFD00B131FA /* Repositories */,
			);
			path = Interfaces;
			sourceTree = "<group>";
		};
		AE94CE282A88C2F6009F195E /* Post */ = {
			isa = PBXGroup;
			children = (
				AE1581F62A826A2700B79291 /* CreatePostViewController.swift */,
				AE18FD622A8B0EAC007251A4 /* MapCoordinateViewController.swift */,
				AE94CE2B2A899056009F195E /* TextFieldWithLabelStackView.swift */,
				AED3ABEB2A85C70D00585683 /* ImageCollectionView.swift */,
				AE18FD5E2A8A70C4007251A4 /* CustomButton.swift */,
			);
			path = Post;
			sourceTree = "<group>";
		};
		AE94CE292A88C314009F195E /* Map */ = {
			isa = PBXGroup;
			children = (
				AE1581F42A82347E00B79291 /* PickerController.swift */,
				AE1581DE2A80A80E00B79291 /* MapViewController.swift */,
			);
			path = Map;
			sourceTree = "<group>";
		};
/* End PBXGroup section */

/* Begin PBXNativeTarget section */
		AE16ACFD2A7E37AA00CB6B81 /* CatMap */ = {
			isa = PBXNativeTarget;
			buildConfigurationList = AE16AD122A7E37AC00CB6B81 /* Build configuration list for PBXNativeTarget "CatMap" */;
			buildPhases = (
				AE16ACFA2A7E37AA00CB6B81 /* Sources */,
				AE16ACFB2A7E37AA00CB6B81 /* Frameworks */,
				AE16ACFC2A7E37AA00CB6B81 /* Resources */,
			);
			buildRules = (
			);
			dependencies = (
			);
			name = CatMap;
			packageProductDependencies = (
				AE18FD5C2A8A664A007251A4 /* IQKeyboardManagerSwift */,
			);
			productName = Trigger;
			productReference = AE16ACFE2A7E37AA00CB6B81 /* CatMap.app */;
			productType = "com.apple.product-type.application";
		};
/* End PBXNativeTarget section */

/* Begin PBXProject section */
		AE16ACF62A7E37AA00CB6B81 /* Project object */ = {
			isa = PBXProject;
			attributes = {
				BuildIndependentTargetsInParallel = 1;
				LastSwiftUpdateCheck = 1430;
				LastUpgradeCheck = 1430;
				TargetAttributes = {
					AE16ACFD2A7E37AA00CB6B81 = {
						CreatedOnToolsVersion = 14.3.1;
					};
				};
			};
			buildConfigurationList = AE16ACF92A7E37AA00CB6B81 /* Build configuration list for PBXProject "CatMap" */;
			compatibilityVersion = "Xcode 14.0";
			developmentRegion = en;
			hasScannedForEncodings = 0;
			knownRegions = (
				en,
				Base,
			);
			mainGroup = AE16ACF52A7E37AA00CB6B81;
			packageReferences = (
				AE18FD5B2A8A664A007251A4 /* XCRemoteSwiftPackageReference "IQKeyboardManager" */,
			);
			productRefGroup = AE16ACFF2A7E37AA00CB6B81 /* Products */;
			projectDirPath = "";
			projectRoot = "";
			targets = (
				AE16ACFD2A7E37AA00CB6B81 /* CatMap */,
			);
		};
/* End PBXProject section */

/* Begin PBXResourcesBuildPhase section */
		AE16ACFC2A7E37AA00CB6B81 /* Resources */ = {
			isa = PBXResourcesBuildPhase;
			buildActionMask = 2147483647;
			files = (
				AE16AD0E2A7E37AC00CB6B81 /* LaunchScreen.storyboard in Resources */,
				AE16AD0B2A7E37AC00CB6B81 /* Assets.xcassets in Resources */,
			);
			runOnlyForDeploymentPostprocessing = 0;
		};
/* End PBXResourcesBuildPhase section */

/* Begin PBXSourcesBuildPhase section */
		AE16ACFA2A7E37AA00CB6B81 /* Sources */ = {
			isa = PBXSourcesBuildPhase;
			buildActionMask = 2147483647;
			files = (
				AECC10312AA34D7F006B55C6 /* DefaultAuthRepository.swift in Sources */,
				AECC10372AA34F85006B55C6 /* AuthRepository.swift in Sources */,
				AE25E3722A9100E800B131FA /* Cancellable.swift in Sources */,
				AE5EE7082A8CF6B60078A7CD /* DefaultLoginViewModel.swift in Sources */,
				AE25E38F2A98853100B131FA /* DefaultAddMarkerUseCase.swift in Sources */,
				AE18FD5F2A8A70C4007251A4 /* CustomButton.swift in Sources */,
				AE25E3892A95E1E700B131FA /* APIEndpoints.swift in Sources */,
				AE25E36E2A90F9C100B131FA /* DefaultFetchMarkerUseCase.swift in Sources */,
				AE25E3832A95E09700B131FA /* MarkersRequestDTO+Mapping.swift in Sources */,
				AECC102F2AA34BDF006B55C6 /* DefaultLoginUseCase.swift in Sources */,
				AE1581D42A7F837300B79291 /* Coordinator.swift in Sources */,
				AE16AD202A7E834600CB6B81 /* DataTransferService.swift in Sources */,
				AE25E3932A9C246800B131FA /* DispatchQueueType.swift in Sources */,
				AE25E39E2A9EC02300B131FA /* ImageRepository.swift in Sources */,
				AECC105B2AA9EF12006B55C6 /* LoginRequestDTO+Mapping.swift in Sources */,
				AECC10332AA34E33006B55C6 /* LoginResponseDTO+Mapping.swift in Sources */,
				AE1581EA2A80C0EA00B79291 /* MyPageViewController.swift in Sources */,
				AE1581F52A82347E00B79291 /* PickerController.swift in Sources */,
				AE1581DF2A80A80E00B79291 /* MapViewController.swift in Sources */,
				AE25E39A2A9E1A8600B131FA /* AddMarkerResponseDTO+Mapping.swift in Sources */,
				AE25E3A22A9EDE2E00B131FA /* DefaultFetchDetailUseCase.swift in Sources */,
				AE25E3982A9DE3F400B131FA /* DetailViewModel.swift in Sources */,
				AE1581DA2A7FDF8500B79291 /* StoryboardInstantiable.swift in Sources */,
				AE25E3742A91059F00B131FA /* Endpoint.swift in Sources */,
				AE18FD652A8B0FEE007251A4 /* CoordinateViewModel.swift in Sources */,
				AE1581D82A7FB8D600B79291 /* HomeCoordinator.swift in Sources */,
				AE1581E62A80C01D00B79291 /* ProfileDIContainer.swift in Sources */,
				AE1581EF2A81A5DF00B79291 /* MapViewModel.swift in Sources */,
				AE94CE2C2A899056009F195E /* TextFieldWithLabelStackView.swift in Sources */,
				AE25E3962A9DE13E00B131FA /* DetailViewController.swift in Sources */,
				AE16AD1B2A7E804E00CB6B81 /* AppCoordinator.swift in Sources */,
				AE5EE7052A8CF4D90078A7CD /* LoginViewController.swift in Sources */,
				AE25E38B2A95E27300B131FA /* MarkersResponseDTO+Mapping.swift in Sources */,
				AE1581F72A826A2700B79291 /* CreatePostViewController.swift in Sources */,
				AE25E36C2A90EF1F00B131FA /* BaseMapViewModel.swift in Sources */,
				AE18FD6A2A8BB84B007251A4 /* BaseMapViewController.swift in Sources */,
				AE16AD192A7E7FA700CB6B81 /* AppAppearance.swift in Sources */,
				AE18FD612A8AFB7D007251A4 /* Coordinate.swift in Sources */,
				AE25E3A82A9EE48900B131FA /* DetailRequestDTO+Mapping.swift in Sources */,
				AE5EE7032A8CEDB70078A7CD /* DefaultMyPageViewModel.swift in Sources */,
				AE25E3802A957D8600B131FA /* MarkerRepository.swift in Sources */,
				AE25E37A2A941D8000B131FA /* AppConfigurations.swift in Sources */,
				AE1581E82A80C05B00B79291 /* ProfileCoordinator.swift in Sources */,
				AECC10352AA34EA0006B55C6 /* User.swift in Sources */,
				AE25E3862A95E1A300B131FA /* RepositoryTask.swift in Sources */,
				AE25E37E2A94F24400B131FA /* DefaultMarkerRepository.swift in Sources */,
				AE16AD1D2A7E80EE00CB6B81 /* AppDIContainer.swift in Sources */,
				AE25E3A62A9EDFCB00B131FA /* DefaultDetailRepository.swift in Sources */,
				AE25E39C2A9E1E4800B131FA /* Detail.swift in Sources */,
				AE94CE272A887B00009F195E /* Observable.swift in Sources */,
				AE1581FB2A82836A00B79291 /* PostViewModel.swift in Sources */,
				AED3ABEC2A85C70D00585683 /* ImageCollectionView.swift in Sources */,
				AE25E3A42A9EDEA100B131FA /* DetailRepository.swift in Sources */,
				AE1581F12A81CFA500B79291 /* Alertable.swift in Sources */,
				AE1581DC2A80670500B79291 /* TabCoordinator.swift in Sources */,
				AE16AD272A7E8B9200CB6B81 /* HomeDIContainer.swift in Sources */,
				AE25E3AA2A9EE4BC00B131FA /* DetailResponseDTO+Mapping.swift in Sources */,
				AE16AD022A7E37AA00CB6B81 /* AppDelegate.swift in Sources */,
				AE25E3912A9892EB00B131FA /* AddMarkerRequestDTO+Mapping.swift in Sources */,
				AE25E3782A9109AA00B131FA /* NetworkService.swift in Sources */,
				AE25E3762A91085E00B131FA /* NetworkConfig.swift in Sources */,
				AE25E38D2A95E52500B131FA /* Marker.swift in Sources */,
				AE16AD042A7E37AA00CB6B81 /* SceneDelegate.swift in Sources */,
				AE18FD632A8B0EAC007251A4 /* MapCoordinateViewController.swift in Sources */,
				AE25E3A02A9EC0A800B131FA /* DefaultImageRepository.swift in Sources */,
			);
			runOnlyForDeploymentPostprocessing = 0;
		};
/* End PBXSourcesBuildPhase section */

/* Begin PBXVariantGroup section */
		AE16AD0C2A7E37AC00CB6B81 /* LaunchScreen.storyboard */ = {
			isa = PBXVariantGroup;
			children = (
				AE16AD0D2A7E37AC00CB6B81 /* Base */,
			);
			name = LaunchScreen.storyboard;
			sourceTree = "<group>";
		};
/* End PBXVariantGroup section */

/* Begin XCBuildConfiguration section */
		AE16AD102A7E37AC00CB6B81 /* Debug */ = {
			isa = XCBuildConfiguration;
			buildSettings = {
				ALWAYS_SEARCH_USER_PATHS = NO;
				CLANG_ANALYZER_NONNULL = YES;
				CLANG_ANALYZER_NUMBER_OBJECT_CONVERSION = YES_AGGRESSIVE;
				CLANG_CXX_LANGUAGE_STANDARD = "gnu++20";
				CLANG_ENABLE_MODULES = YES;
				CLANG_ENABLE_OBJC_ARC = YES;
				CLANG_ENABLE_OBJC_WEAK = YES;
				CLANG_WARN_BLOCK_CAPTURE_AUTORELEASING = YES;
				CLANG_WARN_BOOL_CONVERSION = YES;
				CLANG_WARN_COMMA = YES;
				CLANG_WARN_CONSTANT_CONVERSION = YES;
				CLANG_WARN_DEPRECATED_OBJC_IMPLEMENTATIONS = YES;
				CLANG_WARN_DIRECT_OBJC_ISA_USAGE = YES_ERROR;
				CLANG_WARN_DOCUMENTATION_COMMENTS = YES;
				CLANG_WARN_EMPTY_BODY = YES;
				CLANG_WARN_ENUM_CONVERSION = YES;
				CLANG_WARN_INFINITE_RECURSION = YES;
				CLANG_WARN_INT_CONVERSION = YES;
				CLANG_WARN_NON_LITERAL_NULL_CONVERSION = YES;
				CLANG_WARN_OBJC_IMPLICIT_RETAIN_SELF = YES;
				CLANG_WARN_OBJC_LITERAL_CONVERSION = YES;
				CLANG_WARN_OBJC_ROOT_CLASS = YES_ERROR;
				CLANG_WARN_QUOTED_INCLUDE_IN_FRAMEWORK_HEADER = YES;
				CLANG_WARN_RANGE_LOOP_ANALYSIS = YES;
				CLANG_WARN_STRICT_PROTOTYPES = YES;
				CLANG_WARN_SUSPICIOUS_MOVE = YES;
				CLANG_WARN_UNGUARDED_AVAILABILITY = YES_AGGRESSIVE;
				CLANG_WARN_UNREACHABLE_CODE = YES;
				CLANG_WARN__DUPLICATE_METHOD_MATCH = YES;
				COPY_PHASE_STRIP = NO;
				DEBUG_INFORMATION_FORMAT = dwarf;
				ENABLE_STRICT_OBJC_MSGSEND = YES;
				ENABLE_TESTABILITY = YES;
				GCC_C_LANGUAGE_STANDARD = gnu11;
				GCC_DYNAMIC_NO_PIC = NO;
				GCC_NO_COMMON_BLOCKS = YES;
				GCC_OPTIMIZATION_LEVEL = 0;
				GCC_PREPROCESSOR_DEFINITIONS = (
					"DEBUG=1",
					"$(inherited)",
				);
				GCC_WARN_64_TO_32_BIT_CONVERSION = YES;
				GCC_WARN_ABOUT_RETURN_TYPE = YES_ERROR;
				GCC_WARN_UNDECLARED_SELECTOR = YES;
				GCC_WARN_UNINITIALIZED_AUTOS = YES_AGGRESSIVE;
				GCC_WARN_UNUSED_FUNCTION = YES;
				GCC_WARN_UNUSED_VARIABLE = YES;
				IPHONEOS_DEPLOYMENT_TARGET = 13.0;
				MTL_ENABLE_DEBUG_INFO = INCLUDE_SOURCE;
				MTL_FAST_MATH = YES;
				ONLY_ACTIVE_ARCH = YES;
				SDKROOT = iphoneos;
				SWIFT_ACTIVE_COMPILATION_CONDITIONS = DEBUG;
				SWIFT_OPTIMIZATION_LEVEL = "-Onone";
			};
			name = Debug;
		};
		AE16AD112A7E37AC00CB6B81 /* Release */ = {
			isa = XCBuildConfiguration;
			buildSettings = {
				ALWAYS_SEARCH_USER_PATHS = NO;
				CLANG_ANALYZER_NONNULL = YES;
				CLANG_ANALYZER_NUMBER_OBJECT_CONVERSION = YES_AGGRESSIVE;
				CLANG_CXX_LANGUAGE_STANDARD = "gnu++20";
				CLANG_ENABLE_MODULES = YES;
				CLANG_ENABLE_OBJC_ARC = YES;
				CLANG_ENABLE_OBJC_WEAK = YES;
				CLANG_WARN_BLOCK_CAPTURE_AUTORELEASING = YES;
				CLANG_WARN_BOOL_CONVERSION = YES;
				CLANG_WARN_COMMA = YES;
				CLANG_WARN_CONSTANT_CONVERSION = YES;
				CLANG_WARN_DEPRECATED_OBJC_IMPLEMENTATIONS = YES;
				CLANG_WARN_DIRECT_OBJC_ISA_USAGE = YES_ERROR;
				CLANG_WARN_DOCUMENTATION_COMMENTS = YES;
				CLANG_WARN_EMPTY_BODY = YES;
				CLANG_WARN_ENUM_CONVERSION = YES;
				CLANG_WARN_INFINITE_RECURSION = YES;
				CLANG_WARN_INT_CONVERSION = YES;
				CLANG_WARN_NON_LITERAL_NULL_CONVERSION = YES;
				CLANG_WARN_OBJC_IMPLICIT_RETAIN_SELF = YES;
				CLANG_WARN_OBJC_LITERAL_CONVERSION = YES;
				CLANG_WARN_OBJC_ROOT_CLASS = YES_ERROR;
				CLANG_WARN_QUOTED_INCLUDE_IN_FRAMEWORK_HEADER = YES;
				CLANG_WARN_RANGE_LOOP_ANALYSIS = YES;
				CLANG_WARN_STRICT_PROTOTYPES = YES;
				CLANG_WARN_SUSPICIOUS_MOVE = YES;
				CLANG_WARN_UNGUARDED_AVAILABILITY = YES_AGGRESSIVE;
				CLANG_WARN_UNREACHABLE_CODE = YES;
				CLANG_WARN__DUPLICATE_METHOD_MATCH = YES;
				COPY_PHASE_STRIP = NO;
				DEBUG_INFORMATION_FORMAT = "dwarf-with-dsym";
				ENABLE_NS_ASSERTIONS = NO;
				ENABLE_STRICT_OBJC_MSGSEND = YES;
				GCC_C_LANGUAGE_STANDARD = gnu11;
				GCC_NO_COMMON_BLOCKS = YES;
				GCC_WARN_64_TO_32_BIT_CONVERSION = YES;
				GCC_WARN_ABOUT_RETURN_TYPE = YES_ERROR;
				GCC_WARN_UNDECLARED_SELECTOR = YES;
				GCC_WARN_UNINITIALIZED_AUTOS = YES_AGGRESSIVE;
				GCC_WARN_UNUSED_FUNCTION = YES;
				GCC_WARN_UNUSED_VARIABLE = YES;
				IPHONEOS_DEPLOYMENT_TARGET = 13.0;
				MTL_ENABLE_DEBUG_INFO = NO;
				MTL_FAST_MATH = YES;
				SDKROOT = iphoneos;
				SWIFT_COMPILATION_MODE = wholemodule;
				SWIFT_OPTIMIZATION_LEVEL = "-O";
				VALIDATE_PRODUCT = YES;
			};
			name = Release;
		};
		AE16AD132A7E37AC00CB6B81 /* Debug */ = {
			isa = XCBuildConfiguration;
			buildSettings = {
				API_BASE_URL = "http://3.34.233.129:8000";
				ASSETCATALOG_COMPILER_APPICON_NAME = AppIcon;
				ASSETCATALOG_COMPILER_GLOBAL_ACCENT_COLOR_NAME = AccentColor;
				CODE_SIGN_ENTITLEMENTS = CatMap/CatMap.entitlements;
				CODE_SIGN_IDENTITY = "Apple Development";
				CODE_SIGN_STYLE = Automatic;
				CURRENT_PROJECT_VERSION = 1;
				DEVELOPMENT_TEAM = YYZ32L49X6;
				GENERATE_INFOPLIST_FILE = YES;
				INFOPLIST_FILE = CatMap/Resources/Info.plist;
				INFOPLIST_KEY_NSCameraUsageDescription = "Please allow access to take a picture for this video!";
				INFOPLIST_KEY_NSLocationWhenInUseUsageDescription = "사용자의 위치를 받아오려고 합니다.";
				INFOPLIST_KEY_UIApplicationSupportsIndirectInputEvents = YES;
				INFOPLIST_KEY_UILaunchStoryboardName = LaunchScreen;
				INFOPLIST_KEY_UIMainStoryboardFile = "";
				INFOPLIST_KEY_UISupportedInterfaceOrientations_iPad = "UIInterfaceOrientationPortrait UIInterfaceOrientationPortraitUpsideDown UIInterfaceOrientationLandscapeLeft UIInterfaceOrientationLandscapeRight";
				INFOPLIST_KEY_UISupportedInterfaceOrientations_iPhone = "UIInterfaceOrientationPortrait UIInterfaceOrientationLandscapeLeft UIInterfaceOrientationLandscapeRight";
				IPHONEOS_DEPLOYMENT_TARGET = 13.0;
				LD_RUNPATH_SEARCH_PATHS = (
					"$(inherited)",
					"@executable_path/Frameworks",
				);
				MARKETING_VERSION = 0.1.0;
				PRODUCT_BUNDLE_IDENTIFIER = com.ssafy.CatMap;
				PRODUCT_NAME = "$(TARGET_NAME)";
				PROVISIONING_PROFILE_SPECIFIER = "";
				SWIFT_EMIT_LOC_STRINGS = YES;
				SWIFT_VERSION = 5.0;
				TARGETED_DEVICE_FAMILY = "1,2";
			};
			name = Debug;
		};
		AE16AD142A7E37AC00CB6B81 /* Release */ = {
			isa = XCBuildConfiguration;
			buildSettings = {
				API_BASE_URL = "http://3.34.233.129:8000";
				ASSETCATALOG_COMPILER_APPICON_NAME = AppIcon;
				ASSETCATALOG_COMPILER_GLOBAL_ACCENT_COLOR_NAME = AccentColor;
				CODE_SIGN_ENTITLEMENTS = CatMap/CatMap.entitlements;
				CODE_SIGN_IDENTITY = "Apple Development";
				CODE_SIGN_STYLE = Automatic;
				CURRENT_PROJECT_VERSION = 1;
				DEVELOPMENT_TEAM = YYZ32L49X6;
				GENERATE_INFOPLIST_FILE = YES;
				INFOPLIST_FILE = CatMap/Resources/Info.plist;
				INFOPLIST_KEY_NSCameraUsageDescription = "Please allow access to take a picture for this video!";
				INFOPLIST_KEY_NSLocationWhenInUseUsageDescription = "사용자의 위치를 받아오려고 합니다.";
				INFOPLIST_KEY_UIApplicationSupportsIndirectInputEvents = YES;
				INFOPLIST_KEY_UILaunchStoryboardName = LaunchScreen;
				INFOPLIST_KEY_UIMainStoryboardFile = "";
				INFOPLIST_KEY_UISupportedInterfaceOrientations_iPad = "UIInterfaceOrientationPortrait UIInterfaceOrientationPortraitUpsideDown UIInterfaceOrientationLandscapeLeft UIInterfaceOrientationLandscapeRight";
				INFOPLIST_KEY_UISupportedInterfaceOrientations_iPhone = "UIInterfaceOrientationPortrait UIInterfaceOrientationLandscapeLeft UIInterfaceOrientationLandscapeRight";
				IPHONEOS_DEPLOYMENT_TARGET = 13.0;
				LD_RUNPATH_SEARCH_PATHS = (
					"$(inherited)",
					"@executable_path/Frameworks",
				);
				MARKETING_VERSION = 0.1.0;
				PRODUCT_BUNDLE_IDENTIFIER = com.ssafy.CatMap;
				PRODUCT_NAME = "$(TARGET_NAME)";
				PROVISIONING_PROFILE_SPECIFIER = "";
				SWIFT_EMIT_LOC_STRINGS = YES;
				SWIFT_VERSION = 5.0;
				TARGETED_DEVICE_FAMILY = "1,2";
			};
			name = Release;
		};
/* End XCBuildConfiguration section */

/* Begin XCConfigurationList section */
		AE16ACF92A7E37AA00CB6B81 /* Build configuration list for PBXProject "CatMap" */ = {
			isa = XCConfigurationList;
			buildConfigurations = (
				AE16AD102A7E37AC00CB6B81 /* Debug */,
				AE16AD112A7E37AC00CB6B81 /* Release */,
			);
			defaultConfigurationIsVisible = 0;
			defaultConfigurationName = Release;
		};
		AE16AD122A7E37AC00CB6B81 /* Build configuration list for PBXNativeTarget "CatMap" */ = {
			isa = XCConfigurationList;
			buildConfigurations = (
				AE16AD132A7E37AC00CB6B81 /* Debug */,
				AE16AD142A7E37AC00CB6B81 /* Release */,
			);
			defaultConfigurationIsVisible = 0;
			defaultConfigurationName = Release;
		};
/* End XCConfigurationList section */

/* Begin XCRemoteSwiftPackageReference section */
		AE18FD5B2A8A664A007251A4 /* XCRemoteSwiftPackageReference "IQKeyboardManager" */ = {
			isa = XCRemoteSwiftPackageReference;
			repositoryURL = "https://github.com/hackiftekhar/IQKeyboardManager";
			requirement = {
				kind = upToNextMajorVersion;
				minimumVersion = 6.0.0;
			};
		};
/* End XCRemoteSwiftPackageReference section */

/* Begin XCSwiftPackageProductDependency section */
		AE18FD5C2A8A664A007251A4 /* IQKeyboardManagerSwift */ = {
			isa = XCSwiftPackageProductDependency;
			package = AE18FD5B2A8A664A007251A4 /* XCRemoteSwiftPackageReference "IQKeyboardManager" */;
			productName = IQKeyboardManagerSwift;
		};
/* End XCSwiftPackageProductDependency section */
	};
	rootObject = AE16ACF62A7E37AA00CB6B81 /* Project object */;
}
