// !$*UTF8*$!
{
	archiveVersion = 1;
	classes = {
	};
	objectVersion = 56;
	objects = {

/* Begin PBXBuildFile section */
		AE1581D42A7F837300B79291 /* Coordinator.swift in Sources */ = {isa = PBXBuildFile; fileRef = AE1581D32A7F837300B79291 /* Coordinator.swift */; };
		AE1581D62A7FB4F200B79291 /* Storyboard.storyboard in Resources */ = {isa = PBXBuildFile; fileRef = AE1581D52A7FB4F200B79291 /* Storyboard.storyboard */; };
		AE1581D82A7FB8D600B79291 /* HomeCoordinator.swift in Sources */ = {isa = PBXBuildFile; fileRef = AE1581D72A7FB8D600B79291 /* HomeCoordinator.swift */; };
		AE1581DA2A7FDF8500B79291 /* StoryboardInstantiable.swift in Sources */ = {isa = PBXBuildFile; fileRef = AE1581D92A7FDF8500B79291 /* StoryboardInstantiable.swift */; };
		AE1581DC2A80670500B79291 /* TabCoordinator.swift in Sources */ = {isa = PBXBuildFile; fileRef = AE1581DB2A80670500B79291 /* TabCoordinator.swift */; };
		AE1581DF2A80A80E00B79291 /* MapViewController.swift in Sources */ = {isa = PBXBuildFile; fileRef = AE1581DE2A80A80E00B79291 /* MapViewController.swift */; };
		AE1581E12A80A82A00B79291 /* MapViewController.storyboard in Resources */ = {isa = PBXBuildFile; fileRef = AE1581E02A80A82A00B79291 /* MapViewController.storyboard */; };
		AE1581E62A80C01D00B79291 /* ProfileDIContainer.swift in Sources */ = {isa = PBXBuildFile; fileRef = AE1581E52A80C01D00B79291 /* ProfileDIContainer.swift */; };
		AE1581E82A80C05B00B79291 /* ProfileCoordinator.swift in Sources */ = {isa = PBXBuildFile; fileRef = AE1581E72A80C05B00B79291 /* ProfileCoordinator.swift */; };
		AE1581EA2A80C0EA00B79291 /* MyPageListViewController.swift in Sources */ = {isa = PBXBuildFile; fileRef = AE1581E92A80C0EA00B79291 /* MyPageListViewController.swift */; };
		AE1581EC2A80C15400B79291 /* MyPageListViewController.storyboard in Resources */ = {isa = PBXBuildFile; fileRef = AE1581EB2A80C15400B79291 /* MyPageListViewController.storyboard */; };
		AE1581EF2A81A5DF00B79291 /* MapViewModel.swift in Sources */ = {isa = PBXBuildFile; fileRef = AE1581EE2A81A5DF00B79291 /* MapViewModel.swift */; };
		AE1581F12A81CFA500B79291 /* Alertable.swift in Sources */ = {isa = PBXBuildFile; fileRef = AE1581F02A81CFA500B79291 /* Alertable.swift */; };
		AE1581F32A81E11F00B79291 /* FloatingButton.swift in Sources */ = {isa = PBXBuildFile; fileRef = AE1581F22A81E11F00B79291 /* FloatingButton.swift */; };
		AE16AD022A7E37AA00CB6B81 /* AppDelegate.swift in Sources */ = {isa = PBXBuildFile; fileRef = AE16AD012A7E37AA00CB6B81 /* AppDelegate.swift */; };
		AE16AD042A7E37AA00CB6B81 /* SceneDelegate.swift in Sources */ = {isa = PBXBuildFile; fileRef = AE16AD032A7E37AA00CB6B81 /* SceneDelegate.swift */; };
		AE16AD0B2A7E37AC00CB6B81 /* Assets.xcassets in Resources */ = {isa = PBXBuildFile; fileRef = AE16AD0A2A7E37AC00CB6B81 /* Assets.xcassets */; };
		AE16AD0E2A7E37AC00CB6B81 /* LaunchScreen.storyboard in Resources */ = {isa = PBXBuildFile; fileRef = AE16AD0C2A7E37AC00CB6B81 /* LaunchScreen.storyboard */; };
		AE16AD192A7E7FA700CB6B81 /* AppAppearance.swift in Sources */ = {isa = PBXBuildFile; fileRef = AE16AD182A7E7FA700CB6B81 /* AppAppearance.swift */; };
		AE16AD1B2A7E804E00CB6B81 /* AppCoordinator.swift in Sources */ = {isa = PBXBuildFile; fileRef = AE16AD1A2A7E804E00CB6B81 /* AppCoordinator.swift */; };
		AE16AD1D2A7E80EE00CB6B81 /* AppDIContainer.swift in Sources */ = {isa = PBXBuildFile; fileRef = AE16AD1C2A7E80EE00CB6B81 /* AppDIContainer.swift */; };
		AE16AD202A7E834600CB6B81 /* DataTransferService.swift in Sources */ = {isa = PBXBuildFile; fileRef = AE16AD1F2A7E834600CB6B81 /* DataTransferService.swift */; };
		AE16AD272A7E8B9200CB6B81 /* HomeDIContainer.swift in Sources */ = {isa = PBXBuildFile; fileRef = AE16AD262A7E8B9200CB6B81 /* HomeDIContainer.swift */; };
/* End PBXBuildFile section */

/* Begin PBXFileReference section */
		AE1581D32A7F837300B79291 /* Coordinator.swift */ = {isa = PBXFileReference; lastKnownFileType = sourcecode.swift; path = Coordinator.swift; sourceTree = "<group>"; };
		AE1581D52A7FB4F200B79291 /* Storyboard.storyboard */ = {isa = PBXFileReference; lastKnownFileType = file.storyboard; path = Storyboard.storyboard; sourceTree = "<group>"; };
		AE1581D72A7FB8D600B79291 /* HomeCoordinator.swift */ = {isa = PBXFileReference; lastKnownFileType = sourcecode.swift; path = HomeCoordinator.swift; sourceTree = "<group>"; };
		AE1581D92A7FDF8500B79291 /* StoryboardInstantiable.swift */ = {isa = PBXFileReference; lastKnownFileType = sourcecode.swift; path = StoryboardInstantiable.swift; sourceTree = "<group>"; };
		AE1581DB2A80670500B79291 /* TabCoordinator.swift */ = {isa = PBXFileReference; lastKnownFileType = sourcecode.swift; path = TabCoordinator.swift; sourceTree = "<group>"; };
		AE1581DE2A80A80E00B79291 /* MapViewController.swift */ = {isa = PBXFileReference; lastKnownFileType = sourcecode.swift; path = MapViewController.swift; sourceTree = "<group>"; };
		AE1581E02A80A82A00B79291 /* MapViewController.storyboard */ = {isa = PBXFileReference; lastKnownFileType = file.storyboard; path = MapViewController.storyboard; sourceTree = "<group>"; };
		AE1581E52A80C01D00B79291 /* ProfileDIContainer.swift */ = {isa = PBXFileReference; lastKnownFileType = sourcecode.swift; path = ProfileDIContainer.swift; sourceTree = "<group>"; };
		AE1581E72A80C05B00B79291 /* ProfileCoordinator.swift */ = {isa = PBXFileReference; lastKnownFileType = sourcecode.swift; path = ProfileCoordinator.swift; sourceTree = "<group>"; };
		AE1581E92A80C0EA00B79291 /* MyPageListViewController.swift */ = {isa = PBXFileReference; lastKnownFileType = sourcecode.swift; path = MyPageListViewController.swift; sourceTree = "<group>"; };
		AE1581EB2A80C15400B79291 /* MyPageListViewController.storyboard */ = {isa = PBXFileReference; lastKnownFileType = file.storyboard; path = MyPageListViewController.storyboard; sourceTree = "<group>"; };
		AE1581EE2A81A5DF00B79291 /* MapViewModel.swift */ = {isa = PBXFileReference; lastKnownFileType = sourcecode.swift; path = MapViewModel.swift; sourceTree = "<group>"; };
		AE1581F02A81CFA500B79291 /* Alertable.swift */ = {isa = PBXFileReference; lastKnownFileType = sourcecode.swift; path = Alertable.swift; sourceTree = "<group>"; };
		AE1581F22A81E11F00B79291 /* FloatingButton.swift */ = {isa = PBXFileReference; lastKnownFileType = sourcecode.swift; path = FloatingButton.swift; sourceTree = "<group>"; };
		AE16ACFE2A7E37AA00CB6B81 /* Trigger.app */ = {isa = PBXFileReference; explicitFileType = wrapper.application; includeInIndex = 0; path = Trigger.app; sourceTree = BUILT_PRODUCTS_DIR; };
		AE16AD012A7E37AA00CB6B81 /* AppDelegate.swift */ = {isa = PBXFileReference; lastKnownFileType = sourcecode.swift; path = AppDelegate.swift; sourceTree = "<group>"; };
		AE16AD032A7E37AA00CB6B81 /* SceneDelegate.swift */ = {isa = PBXFileReference; lastKnownFileType = sourcecode.swift; path = SceneDelegate.swift; sourceTree = "<group>"; };
		AE16AD0A2A7E37AC00CB6B81 /* Assets.xcassets */ = {isa = PBXFileReference; lastKnownFileType = folder.assetcatalog; path = Assets.xcassets; sourceTree = "<group>"; };
		AE16AD0D2A7E37AC00CB6B81 /* Base */ = {isa = PBXFileReference; lastKnownFileType = file.storyboard; name = Base; path = Base.lproj/LaunchScreen.storyboard; sourceTree = "<group>"; };
		AE16AD0F2A7E37AC00CB6B81 /* Info.plist */ = {isa = PBXFileReference; lastKnownFileType = text.plist.xml; path = Info.plist; sourceTree = "<group>"; };
		AE16AD182A7E7FA700CB6B81 /* AppAppearance.swift */ = {isa = PBXFileReference; lastKnownFileType = sourcecode.swift; path = AppAppearance.swift; sourceTree = "<group>"; };
		AE16AD1A2A7E804E00CB6B81 /* AppCoordinator.swift */ = {isa = PBXFileReference; lastKnownFileType = sourcecode.swift; path = AppCoordinator.swift; sourceTree = "<group>"; };
		AE16AD1C2A7E80EE00CB6B81 /* AppDIContainer.swift */ = {isa = PBXFileReference; lastKnownFileType = sourcecode.swift; path = AppDIContainer.swift; sourceTree = "<group>"; };
		AE16AD1F2A7E834600CB6B81 /* DataTransferService.swift */ = {isa = PBXFileReference; lastKnownFileType = sourcecode.swift; path = DataTransferService.swift; sourceTree = "<group>"; };
		AE16AD262A7E8B9200CB6B81 /* HomeDIContainer.swift */ = {isa = PBXFileReference; lastKnownFileType = sourcecode.swift; path = HomeDIContainer.swift; sourceTree = "<group>"; };
/* End PBXFileReference section */

/* Begin PBXFrameworksBuildPhase section */
		AE16ACFB2A7E37AA00CB6B81 /* Frameworks */ = {
			isa = PBXFrameworksBuildPhase;
			buildActionMask = 2147483647;
			files = (
			);
			runOnlyForDeploymentPostprocessing = 0;
		};
/* End PBXFrameworksBuildPhase section */

/* Begin PBXGroup section */
		AE1581D22A7F833700B79291 /* Common */ = {
			isa = PBXGroup;
			children = (
				AE1581D32A7F837300B79291 /* Coordinator.swift */,
				AE1581D92A7FDF8500B79291 /* StoryboardInstantiable.swift */,
				AE1581F02A81CFA500B79291 /* Alertable.swift */,
			);
			path = Common;
			sourceTree = "<group>";
		};
		AE1581DD2A80A7CA00B79291 /* View */ = {
			isa = PBXGroup;
			children = (
				AE1581DE2A80A80E00B79291 /* MapViewController.swift */,
				AE1581F22A81E11F00B79291 /* FloatingButton.swift */,
				AE1581E02A80A82A00B79291 /* MapViewController.storyboard */,
			);
			path = View;
			sourceTree = "<group>";
		};
		AE1581E22A80BF4000B79291 /* Profile */ = {
			isa = PBXGroup;
			children = (
				AE1581E32A80BF5E00B79291 /* Coordinator */,
				AE1581E42A80C00600B79291 /* View */,
			);
			path = Profile;
			sourceTree = "<group>";
		};
		AE1581E32A80BF5E00B79291 /* Coordinator */ = {
			isa = PBXGroup;
			children = (
				AE1581E72A80C05B00B79291 /* ProfileCoordinator.swift */,
			);
			path = Coordinator;
			sourceTree = "<group>";
		};
		AE1581E42A80C00600B79291 /* View */ = {
			isa = PBXGroup;
			children = (
				AE1581E92A80C0EA00B79291 /* MyPageListViewController.swift */,
				AE1581EB2A80C15400B79291 /* MyPageListViewController.storyboard */,
			);
			path = View;
			sourceTree = "<group>";
		};
		AE1581ED2A81A5C400B79291 /* ViewModel */ = {
			isa = PBXGroup;
			children = (
				AE1581EE2A81A5DF00B79291 /* MapViewModel.swift */,
			);
			path = ViewModel;
			sourceTree = "<group>";
		};
		AE16ACF52A7E37AA00CB6B81 = {
			isa = PBXGroup;
			children = (
				AE16AD002A7E37AA00CB6B81 /* Trigger */,
				AE16ACFF2A7E37AA00CB6B81 /* Products */,
			);
			sourceTree = "<group>";
		};
		AE16ACFF2A7E37AA00CB6B81 /* Products */ = {
			isa = PBXGroup;
			children = (
				AE16ACFE2A7E37AA00CB6B81 /* Trigger.app */,
			);
			name = Products;
			sourceTree = "<group>";
		};
		AE16AD002A7E37AA00CB6B81 /* Trigger */ = {
			isa = PBXGroup;
			children = (
				AE1581D52A7FB4F200B79291 /* Storyboard.storyboard */,
				AE16AD152A7E7A4C00CB6B81 /* Application */,
				AE16AD212A7E8B2200CB6B81 /* Presentation */,
				AE16AD1E2A7E82EB00CB6B81 /* Network */,
				AE1581D22A7F833700B79291 /* Common */,
				AE16AD162A7E7A6700CB6B81 /* Resources */,
			);
			path = Trigger;
			sourceTree = "<group>";
		};
		AE16AD152A7E7A4C00CB6B81 /* Application */ = {
			isa = PBXGroup;
			children = (
				AE16AD012A7E37AA00CB6B81 /* AppDelegate.swift */,
				AE16AD032A7E37AA00CB6B81 /* SceneDelegate.swift */,
				AE16AD182A7E7FA700CB6B81 /* AppAppearance.swift */,
				AE16AD1A2A7E804E00CB6B81 /* AppCoordinator.swift */,
				AE1581DB2A80670500B79291 /* TabCoordinator.swift */,
				AE16AD172A7E7F4800CB6B81 /* DIContainer */,
			);
			path = Application;
			sourceTree = "<group>";
		};
		AE16AD162A7E7A6700CB6B81 /* Resources */ = {
			isa = PBXGroup;
			children = (
				AE16AD0A2A7E37AC00CB6B81 /* Assets.xcassets */,
				AE16AD0C2A7E37AC00CB6B81 /* LaunchScreen.storyboard */,
				AE16AD0F2A7E37AC00CB6B81 /* Info.plist */,
			);
			path = Resources;
			sourceTree = "<group>";
		};
		AE16AD172A7E7F4800CB6B81 /* DIContainer */ = {
			isa = PBXGroup;
			children = (
				AE16AD1C2A7E80EE00CB6B81 /* AppDIContainer.swift */,
				AE16AD262A7E8B9200CB6B81 /* HomeDIContainer.swift */,
				AE1581E52A80C01D00B79291 /* ProfileDIContainer.swift */,
			);
			path = DIContainer;
			sourceTree = "<group>";
		};
		AE16AD1E2A7E82EB00CB6B81 /* Network */ = {
			isa = PBXGroup;
			children = (
				AE16AD1F2A7E834600CB6B81 /* DataTransferService.swift */,
			);
			path = Network;
			sourceTree = "<group>";
		};
		AE16AD212A7E8B2200CB6B81 /* Presentation */ = {
			isa = PBXGroup;
			children = (
				AE1581E22A80BF4000B79291 /* Profile */,
				AE16AD222A7E8B4400CB6B81 /* Home */,
			);
			path = Presentation;
			sourceTree = "<group>";
		};
		AE16AD222A7E8B4400CB6B81 /* Home */ = {
			isa = PBXGroup;
			children = (
				AE16AD232A7E8B5300CB6B81 /* Coordinator */,
				AE1581DD2A80A7CA00B79291 /* View */,
				AE1581ED2A81A5C400B79291 /* ViewModel */,
			);
			path = Home;
			sourceTree = "<group>";
		};
		AE16AD232A7E8B5300CB6B81 /* Coordinator */ = {
			isa = PBXGroup;
			children = (
				AE1581D72A7FB8D600B79291 /* HomeCoordinator.swift */,
			);
			path = Coordinator;
			sourceTree = "<group>";
		};
/* End PBXGroup section */

/* Begin PBXNativeTarget section */
		AE16ACFD2A7E37AA00CB6B81 /* Trigger */ = {
			isa = PBXNativeTarget;
			buildConfigurationList = AE16AD122A7E37AC00CB6B81 /* Build configuration list for PBXNativeTarget "Trigger" */;
			buildPhases = (
				AE16ACFA2A7E37AA00CB6B81 /* Sources */,
				AE16ACFB2A7E37AA00CB6B81 /* Frameworks */,
				AE16ACFC2A7E37AA00CB6B81 /* Resources */,
			);
			buildRules = (
			);
			dependencies = (
			);
			name = Trigger;
			productName = Trigger;
			productReference = AE16ACFE2A7E37AA00CB6B81 /* Trigger.app */;
			productType = "com.apple.product-type.application";
		};
/* End PBXNativeTarget section */

/* Begin PBXProject section */
		AE16ACF62A7E37AA00CB6B81 /* Project object */ = {
			isa = PBXProject;
			attributes = {
				BuildIndependentTargetsInParallel = 1;
				LastSwiftUpdateCheck = 1430;
				LastUpgradeCheck = 1430;
				TargetAttributes = {
					AE16ACFD2A7E37AA00CB6B81 = {
						CreatedOnToolsVersion = 14.3.1;
					};
				};
			};
			buildConfigurationList = AE16ACF92A7E37AA00CB6B81 /* Build configuration list for PBXProject "Trigger" */;
			compatibilityVersion = "Xcode 14.0";
			developmentRegion = en;
			hasScannedForEncodings = 0;
			knownRegions = (
				en,
				Base,
			);
			mainGroup = AE16ACF52A7E37AA00CB6B81;
			productRefGroup = AE16ACFF2A7E37AA00CB6B81 /* Products */;
			projectDirPath = "";
			projectRoot = "";
			targets = (
				AE16ACFD2A7E37AA00CB6B81 /* Trigger */,
			);
		};
/* End PBXProject section */

/* Begin PBXResourcesBuildPhase section */
		AE16ACFC2A7E37AA00CB6B81 /* Resources */ = {
			isa = PBXResourcesBuildPhase;
			buildActionMask = 2147483647;
			files = (
				AE16AD0E2A7E37AC00CB6B81 /* LaunchScreen.storyboard in Resources */,
				AE1581EC2A80C15400B79291 /* MyPageListViewController.storyboard in Resources */,
				AE16AD0B2A7E37AC00CB6B81 /* Assets.xcassets in Resources */,
				AE1581D62A7FB4F200B79291 /* Storyboard.storyboard in Resources */,
				AE1581E12A80A82A00B79291 /* MapViewController.storyboard in Resources */,
			);
			runOnlyForDeploymentPostprocessing = 0;
		};
/* End PBXResourcesBuildPhase section */

/* Begin PBXSourcesBuildPhase section */
		AE16ACFA2A7E37AA00CB6B81 /* Sources */ = {
			isa = PBXSourcesBuildPhase;
			buildActionMask = 2147483647;
			files = (
				AE1581D42A7F837300B79291 /* Coordinator.swift in Sources */,
				AE16AD202A7E834600CB6B81 /* DataTransferService.swift in Sources */,
				AE1581EA2A80C0EA00B79291 /* MyPageListViewController.swift in Sources */,
				AE1581DF2A80A80E00B79291 /* MapViewController.swift in Sources */,
				AE1581DA2A7FDF8500B79291 /* StoryboardInstantiable.swift in Sources */,
				AE1581D82A7FB8D600B79291 /* HomeCoordinator.swift in Sources */,
				AE1581E62A80C01D00B79291 /* ProfileDIContainer.swift in Sources */,
				AE1581EF2A81A5DF00B79291 /* MapViewModel.swift in Sources */,
				AE16AD1B2A7E804E00CB6B81 /* AppCoordinator.swift in Sources */,
				AE16AD192A7E7FA700CB6B81 /* AppAppearance.swift in Sources */,
				AE1581E82A80C05B00B79291 /* ProfileCoordinator.swift in Sources */,
				AE1581F32A81E11F00B79291 /* FloatingButton.swift in Sources */,
				AE16AD1D2A7E80EE00CB6B81 /* AppDIContainer.swift in Sources */,
				AE1581F12A81CFA500B79291 /* Alertable.swift in Sources */,
				AE1581DC2A80670500B79291 /* TabCoordinator.swift in Sources */,
				AE16AD272A7E8B9200CB6B81 /* HomeDIContainer.swift in Sources */,
				AE16AD022A7E37AA00CB6B81 /* AppDelegate.swift in Sources */,
				AE16AD042A7E37AA00CB6B81 /* SceneDelegate.swift in Sources */,
			);
			runOnlyForDeploymentPostprocessing = 0;
		};
/* End PBXSourcesBuildPhase section */

/* Begin PBXVariantGroup section */
		AE16AD0C2A7E37AC00CB6B81 /* LaunchScreen.storyboard */ = {
			isa = PBXVariantGroup;
			children = (
				AE16AD0D2A7E37AC00CB6B81 /* Base */,
			);
			name = LaunchScreen.storyboard;
			sourceTree = "<group>";
		};
/* End PBXVariantGroup section */

/* Begin XCBuildConfiguration section */
		AE16AD102A7E37AC00CB6B81 /* Debug */ = {
			isa = XCBuildConfiguration;
			buildSettings = {
				ALWAYS_SEARCH_USER_PATHS = NO;
				CLANG_ANALYZER_NONNULL = YES;
				CLANG_ANALYZER_NUMBER_OBJECT_CONVERSION = YES_AGGRESSIVE;
				CLANG_CXX_LANGUAGE_STANDARD = "gnu++20";
				CLANG_ENABLE_MODULES = YES;
				CLANG_ENABLE_OBJC_ARC = YES;
				CLANG_ENABLE_OBJC_WEAK = YES;
				CLANG_WARN_BLOCK_CAPTURE_AUTORELEASING = YES;
				CLANG_WARN_BOOL_CONVERSION = YES;
				CLANG_WARN_COMMA = YES;
				CLANG_WARN_CONSTANT_CONVERSION = YES;
				CLANG_WARN_DEPRECATED_OBJC_IMPLEMENTATIONS = YES;
				CLANG_WARN_DIRECT_OBJC_ISA_USAGE = YES_ERROR;
				CLANG_WARN_DOCUMENTATION_COMMENTS = YES;
				CLANG_WARN_EMPTY_BODY = YES;
				CLANG_WARN_ENUM_CONVERSION = YES;
				CLANG_WARN_INFINITE_RECURSION = YES;
				CLANG_WARN_INT_CONVERSION = YES;
				CLANG_WARN_NON_LITERAL_NULL_CONVERSION = YES;
				CLANG_WARN_OBJC_IMPLICIT_RETAIN_SELF = YES;
				CLANG_WARN_OBJC_LITERAL_CONVERSION = YES;
				CLANG_WARN_OBJC_ROOT_CLASS = YES_ERROR;
				CLANG_WARN_QUOTED_INCLUDE_IN_FRAMEWORK_HEADER = YES;
				CLANG_WARN_RANGE_LOOP_ANALYSIS = YES;
				CLANG_WARN_STRICT_PROTOTYPES = YES;
				CLANG_WARN_SUSPICIOUS_MOVE = YES;
				CLANG_WARN_UNGUARDED_AVAILABILITY = YES_AGGRESSIVE;
				CLANG_WARN_UNREACHABLE_CODE = YES;
				CLANG_WARN__DUPLICATE_METHOD_MATCH = YES;
				COPY_PHASE_STRIP = NO;
				DEBUG_INFORMATION_FORMAT = dwarf;
				ENABLE_STRICT_OBJC_MSGSEND = YES;
				ENABLE_TESTABILITY = YES;
				GCC_C_LANGUAGE_STANDARD = gnu11;
				GCC_DYNAMIC_NO_PIC = NO;
				GCC_NO_COMMON_BLOCKS = YES;
				GCC_OPTIMIZATION_LEVEL = 0;
				GCC_PREPROCESSOR_DEFINITIONS = (
					"DEBUG=1",
					"$(inherited)",
				);
				GCC_WARN_64_TO_32_BIT_CONVERSION = YES;
				GCC_WARN_ABOUT_RETURN_TYPE = YES_ERROR;
				GCC_WARN_UNDECLARED_SELECTOR = YES;
				GCC_WARN_UNINITIALIZED_AUTOS = YES_AGGRESSIVE;
				GCC_WARN_UNUSED_FUNCTION = YES;
				GCC_WARN_UNUSED_VARIABLE = YES;
				IPHONEOS_DEPLOYMENT_TARGET = 16.4;
				MTL_ENABLE_DEBUG_INFO = INCLUDE_SOURCE;
				MTL_FAST_MATH = YES;
				ONLY_ACTIVE_ARCH = YES;
				SDKROOT = iphoneos;
				SWIFT_ACTIVE_COMPILATION_CONDITIONS = DEBUG;
				SWIFT_OPTIMIZATION_LEVEL = "-Onone";
			};
			name = Debug;
		};
		AE16AD112A7E37AC00CB6B81 /* Release */ = {
			isa = XCBuildConfiguration;
			buildSettings = {
				ALWAYS_SEARCH_USER_PATHS = NO;
				CLANG_ANALYZER_NONNULL = YES;
				CLANG_ANALYZER_NUMBER_OBJECT_CONVERSION = YES_AGGRESSIVE;
				CLANG_CXX_LANGUAGE_STANDARD = "gnu++20";
				CLANG_ENABLE_MODULES = YES;
				CLANG_ENABLE_OBJC_ARC = YES;
				CLANG_ENABLE_OBJC_WEAK = YES;
				CLANG_WARN_BLOCK_CAPTURE_AUTORELEASING = YES;
				CLANG_WARN_BOOL_CONVERSION = YES;
				CLANG_WARN_COMMA = YES;
				CLANG_WARN_CONSTANT_CONVERSION = YES;
				CLANG_WARN_DEPRECATED_OBJC_IMPLEMENTATIONS = YES;
				CLANG_WARN_DIRECT_OBJC_ISA_USAGE = YES_ERROR;
				CLANG_WARN_DOCUMENTATION_COMMENTS = YES;
				CLANG_WARN_EMPTY_BODY = YES;
				CLANG_WARN_ENUM_CONVERSION = YES;
				CLANG_WARN_INFINITE_RECURSION = YES;
				CLANG_WARN_INT_CONVERSION = YES;
				CLANG_WARN_NON_LITERAL_NULL_CONVERSION = YES;
				CLANG_WARN_OBJC_IMPLICIT_RETAIN_SELF = YES;
				CLANG_WARN_OBJC_LITERAL_CONVERSION = YES;
				CLANG_WARN_OBJC_ROOT_CLASS = YES_ERROR;
				CLANG_WARN_QUOTED_INCLUDE_IN_FRAMEWORK_HEADER = YES;
				CLANG_WARN_RANGE_LOOP_ANALYSIS = YES;
				CLANG_WARN_STRICT_PROTOTYPES = YES;
				CLANG_WARN_SUSPICIOUS_MOVE = YES;
				CLANG_WARN_UNGUARDED_AVAILABILITY = YES_AGGRESSIVE;
				CLANG_WARN_UNREACHABLE_CODE = YES;
				CLANG_WARN__DUPLICATE_METHOD_MATCH = YES;
				COPY_PHASE_STRIP = NO;
				DEBUG_INFORMATION_FORMAT = "dwarf-with-dsym";
				ENABLE_NS_ASSERTIONS = NO;
				ENABLE_STRICT_OBJC_MSGSEND = YES;
				GCC_C_LANGUAGE_STANDARD = gnu11;
				GCC_NO_COMMON_BLOCKS = YES;
				GCC_WARN_64_TO_32_BIT_CONVERSION = YES;
				GCC_WARN_ABOUT_RETURN_TYPE = YES_ERROR;
				GCC_WARN_UNDECLARED_SELECTOR = YES;
				GCC_WARN_UNINITIALIZED_AUTOS = YES_AGGRESSIVE;
				GCC_WARN_UNUSED_FUNCTION = YES;
				GCC_WARN_UNUSED_VARIABLE = YES;
				IPHONEOS_DEPLOYMENT_TARGET = 16.4;
				MTL_ENABLE_DEBUG_INFO = NO;
				MTL_FAST_MATH = YES;
				SDKROOT = iphoneos;
				SWIFT_COMPILATION_MODE = wholemodule;
				SWIFT_OPTIMIZATION_LEVEL = "-O";
				VALIDATE_PRODUCT = YES;
			};
			name = Release;
		};
		AE16AD132A7E37AC00CB6B81 /* Debug */ = {
			isa = XCBuildConfiguration;
			buildSettings = {
				ASSETCATALOG_COMPILER_APPICON_NAME = AppIcon;
				ASSETCATALOG_COMPILER_GLOBAL_ACCENT_COLOR_NAME = AccentColor;
				CODE_SIGN_STYLE = Automatic;
				CURRENT_PROJECT_VERSION = 1;
				DEVELOPMENT_TEAM = YYZ32L49X6;
				GENERATE_INFOPLIST_FILE = YES;
				INFOPLIST_FILE = Trigger/Resources/Info.plist;
				INFOPLIST_KEY_UIApplicationSupportsIndirectInputEvents = YES;
				INFOPLIST_KEY_UILaunchStoryboardName = LaunchScreen;
				INFOPLIST_KEY_UIMainStoryboardFile = "";
				INFOPLIST_KEY_UISupportedInterfaceOrientations_iPad = "UIInterfaceOrientationPortrait UIInterfaceOrientationPortraitUpsideDown UIInterfaceOrientationLandscapeLeft UIInterfaceOrientationLandscapeRight";
				INFOPLIST_KEY_UISupportedInterfaceOrientations_iPhone = "UIInterfaceOrientationPortrait UIInterfaceOrientationLandscapeLeft UIInterfaceOrientationLandscapeRight";
				IPHONEOS_DEPLOYMENT_TARGET = 13.0;
				LD_RUNPATH_SEARCH_PATHS = (
					"$(inherited)",
					"@executable_path/Frameworks",
				);
				MARKETING_VERSION = 1.0;
				PRODUCT_BUNDLE_IDENTIFIER = com.addictionfree.Trigger;
				PRODUCT_NAME = "$(TARGET_NAME)";
				SWIFT_EMIT_LOC_STRINGS = YES;
				SWIFT_VERSION = 5.0;
				TARGETED_DEVICE_FAMILY = "1,2";
			};
			name = Debug;
		};
		AE16AD142A7E37AC00CB6B81 /* Release */ = {
			isa = XCBuildConfiguration;
			buildSettings = {
				ASSETCATALOG_COMPILER_APPICON_NAME = AppIcon;
				ASSETCATALOG_COMPILER_GLOBAL_ACCENT_COLOR_NAME = AccentColor;
				CODE_SIGN_STYLE = Automatic;
				CURRENT_PROJECT_VERSION = 1;
				DEVELOPMENT_TEAM = YYZ32L49X6;
				GENERATE_INFOPLIST_FILE = YES;
				INFOPLIST_FILE = Trigger/Resources/Info.plist;
				INFOPLIST_KEY_UIApplicationSupportsIndirectInputEvents = YES;
				INFOPLIST_KEY_UILaunchStoryboardName = LaunchScreen;
				INFOPLIST_KEY_UIMainStoryboardFile = "";
				INFOPLIST_KEY_UISupportedInterfaceOrientations_iPad = "UIInterfaceOrientationPortrait UIInterfaceOrientationPortraitUpsideDown UIInterfaceOrientationLandscapeLeft UIInterfaceOrientationLandscapeRight";
				INFOPLIST_KEY_UISupportedInterfaceOrientations_iPhone = "UIInterfaceOrientationPortrait UIInterfaceOrientationLandscapeLeft UIInterfaceOrientationLandscapeRight";
				IPHONEOS_DEPLOYMENT_TARGET = 13.0;
				LD_RUNPATH_SEARCH_PATHS = (
					"$(inherited)",
					"@executable_path/Frameworks",
				);
				MARKETING_VERSION = 1.0;
				PRODUCT_BUNDLE_IDENTIFIER = com.addictionfree.Trigger;
				PRODUCT_NAME = "$(TARGET_NAME)";
				SWIFT_EMIT_LOC_STRINGS = YES;
				SWIFT_VERSION = 5.0;
				TARGETED_DEVICE_FAMILY = "1,2";
			};
			name = Release;
		};
/* End XCBuildConfiguration section */

/* Begin XCConfigurationList section */
		AE16ACF92A7E37AA00CB6B81 /* Build configuration list for PBXProject "Trigger" */ = {
			isa = XCConfigurationList;
			buildConfigurations = (
				AE16AD102A7E37AC00CB6B81 /* Debug */,
				AE16AD112A7E37AC00CB6B81 /* Release */,
			);
			defaultConfigurationIsVisible = 0;
			defaultConfigurationName = Release;
		};
		AE16AD122A7E37AC00CB6B81 /* Build configuration list for PBXNativeTarget "Trigger" */ = {
			isa = XCConfigurationList;
			buildConfigurations = (
				AE16AD132A7E37AC00CB6B81 /* Debug */,
				AE16AD142A7E37AC00CB6B81 /* Release */,
			);
			defaultConfigurationIsVisible = 0;
			defaultConfigurationName = Release;
		};
/* End XCConfigurationList section */
	};
	rootObject = AE16ACF62A7E37AA00CB6B81 /* Project object */;
}
